// !$*UTF8*$!
{
	archiveVersion = 1;
	classes = {
	};
	objectVersion = 54;
	objects = {

/* Begin PBXBuildFile section */
		023DE9254F0A4BA4A045AF77 /* Exo2-Medium.ttf in Resources */ = {isa = PBXBuildFile; fileRef = 17F74BFDEEB147C0B846C945 /* Exo2-Medium.ttf */; };
		130176DFB8E94A7DA0BC1658 /* Exo2-Bold.ttf in Resources */ = {isa = PBXBuildFile; fileRef = 6F37E852AAB64F268701F96D /* Exo2-Bold.ttf */; };
		13B07FBC1A68108700A75B9A /* AppDelegate.mm in Sources */ = {isa = PBXBuildFile; fileRef = 13B07FB01A68108700A75B9A /* AppDelegate.mm */; };
		13B07FBF1A68108700A75B9A /* Images.xcassets in Resources */ = {isa = PBXBuildFile; fileRef = 13B07FB51A68108700A75B9A /* Images.xcassets */; };
		13B07FC11A68108700A75B9A /* main.m in Sources */ = {isa = PBXBuildFile; fileRef = 13B07FB71A68108700A75B9A /* main.m */; };
		1403C1A567314799816FC92A /* Poppins-LightItalic.ttf in Resources */ = {isa = PBXBuildFile; fileRef = 0BC3825481504527B8F65FB9 /* Poppins-LightItalic.ttf */; };
		194EEB651B2949FB826D3554 /* Poppins-ExtraBoldItalic.ttf in Resources */ = {isa = PBXBuildFile; fileRef = CDB69F89E0FD416CB00EFCEE /* Poppins-ExtraBoldItalic.ttf */; };
		1AD438F5D88347339D442036 /* Exo2-Light.ttf in Resources */ = {isa = PBXBuildFile; fileRef = 204AA27DB2C24D358A58AF01 /* Exo2-Light.ttf */; };
		242A0F5461784211A5C298D6 /* Poppins-BoldItalic.ttf in Resources */ = {isa = PBXBuildFile; fileRef = 44B2C0402D584E2781DFED54 /* Poppins-BoldItalic.ttf */; };
		30C5584DAFE54CB68C0AAD23 /* Poppins-ExtraBold.ttf in Resources */ = {isa = PBXBuildFile; fileRef = A971CCD53ACB456AADA57E0C /* Poppins-ExtraBold.ttf */; };
		3704BA8EF3FF426B82C7ED06 /* Poppins-ThinItalic.ttf in Resources */ = {isa = PBXBuildFile; fileRef = A930077A3FA3408E811E1420 /* Poppins-ThinItalic.ttf */; };
		3D73C2E405F84DA6B8F1005B /* Poppins-MediumItalic.ttf in Resources */ = {isa = PBXBuildFile; fileRef = 1C8504BA6CA84EFE81F80F07 /* Poppins-MediumItalic.ttf */; };
		444A200923504EA8B7C9A09E /* Exo2-SemiBold.ttf in Resources */ = {isa = PBXBuildFile; fileRef = 4E5EEF86859947628E198C55 /* Exo2-SemiBold.ttf */; };
		51BBC0DF81CC493E8F989E2A /* Exo2-ExtraBold.ttf in Resources */ = {isa = PBXBuildFile; fileRef = 929F20F414DC4D6C9D5C0633 /* Exo2-ExtraBold.ttf */; };
		5201A01431A344728C896703 /* Poppins-Light.ttf in Resources */ = {isa = PBXBuildFile; fileRef = 387E1FEE09814B279DB5D211 /* Poppins-Light.ttf */; };
		68BFC761C1F04416A670E17F /* Poppins-SemiBold.ttf in Resources */ = {isa = PBXBuildFile; fileRef = 44D4EC42225D4BF1B3B4B6AD /* Poppins-SemiBold.ttf */; };
		75E2935588334C8F9DF145AD /* Exo2-Thin.ttf in Resources */ = {isa = PBXBuildFile; fileRef = 9AF84D6F6CE84547A7CFAF79 /* Exo2-Thin.ttf */; };
		75F4A6D7DFB946BBAE0C54D4 /* Exo2-ExtraLight.ttf in Resources */ = {isa = PBXBuildFile; fileRef = 3B9EF6620A0C4B639232189D /* Exo2-ExtraLight.ttf */; };
		7988BCE377144B508516FB0F /* Poppins-BlackItalic.ttf in Resources */ = {isa = PBXBuildFile; fileRef = 512AAA0FF0E848AEAD890FE7 /* Poppins-BlackItalic.ttf */; };
		81AB9BB82411601600AC10FF /* LaunchScreen.storyboard in Resources */ = {isa = PBXBuildFile; fileRef = 81AB9BB72411601600AC10FF /* LaunchScreen.storyboard */; };
		8652392E29D6E06200F1D75D /* client_286833901995-cg0gus8q2l3s7okn56epp0avvmk9r000.apps.googleusercontent.com.plist in Resources */ = {isa = PBXBuildFile; fileRef = 8652392D29D6E06200F1D75D /* client_286833901995-cg0gus8q2l3s7okn56epp0avvmk9r000.apps.googleusercontent.com.plist */; };
		8820648C29E6BAD000A8A160 /* GoogleService-Info.plist in Resources */ = {isa = PBXBuildFile; fileRef = 8820648B29E6BAD000A8A160 /* GoogleService-Info.plist */; };
		893272BB1C3E4D7499EECC91 /* Poppins-SemiBoldItalic.ttf in Resources */ = {isa = PBXBuildFile; fileRef = A64004C867674869A4653CD5 /* Poppins-SemiBoldItalic.ttf */; };
		9545185C79A34917B40985EF /* Poppins-ExtraLight.ttf in Resources */ = {isa = PBXBuildFile; fileRef = 792D1D595ECD4FBC8B61531E /* Poppins-ExtraLight.ttf */; };
		9A72F8B65C7E4B0B9A7E06C9 /* Exo2-Black.ttf in Resources */ = {isa = PBXBuildFile; fileRef = 9F83AD30103D4478A6B862AC /* Exo2-Black.ttf */; };
		9CF4351043FC4743A4318988 /* OFL.txt in Resources */ = {isa = PBXBuildFile; fileRef = CDA22B56B57A4516A85DB43D /* OFL.txt */; };
		A339B3F6BBFF4CF5BFABB4B4 /* Poppins-Thin.ttf in Resources */ = {isa = PBXBuildFile; fileRef = ECDBFB0BEFD6488F9216E1BC /* Poppins-Thin.ttf */; };
		A7BAE00C69C549CD9296F8B0 /* Exo2-ThinItalic.ttf in Resources */ = {isa = PBXBuildFile; fileRef = DB2474D59BA04D118086FF54 /* Exo2-ThinItalic.ttf */; };
		AF64E6549B1F40A6A4E56138 /* Poppins-Regular.ttf in Resources */ = {isa = PBXBuildFile; fileRef = 5A5C7C132E10405F968E3101 /* Poppins-Regular.ttf */; };
		B03774C1DE5C444C87124BAF /* Poppins-ExtraLightItalic.ttf in Resources */ = {isa = PBXBuildFile; fileRef = 5D2619E4511E4C4D9F54D196 /* Poppins-ExtraLightItalic.ttf */; };
		B3127E44031C48DD92E989DA /* Exo2-BlackItalic.ttf in Resources */ = {isa = PBXBuildFile; fileRef = 24AE09CF106F417981F2D570 /* Exo2-BlackItalic.ttf */; };
		B6DB1C1AC4E246BB88C12BEA /* Exo2-ExtraBoldItalic.ttf in Resources */ = {isa = PBXBuildFile; fileRef = 5A3C46227A7941139A365041 /* Exo2-ExtraBoldItalic.ttf */; };
		C4B493AA643643ADA8631300 /* Poppins-Italic.ttf in Resources */ = {isa = PBXBuildFile; fileRef = F6E55FAEA8CB4E85865F3671 /* Poppins-Italic.ttf */; };
		D1BADCB88E0F44A6A39556B0 /* Exo2-BoldItalic.ttf in Resources */ = {isa = PBXBuildFile; fileRef = C6B2BA03DA984FD798CB374D /* Exo2-BoldItalic.ttf */; };
		D63744007854498BBF441512 /* Exo2-MediumItalic.ttf in Resources */ = {isa = PBXBuildFile; fileRef = 71837C246E5F425394951D1B /* Exo2-MediumItalic.ttf */; };
		D884F4CFD2994BEBA226CEE0 /* Exo2-SemiBoldItalic.ttf in Resources */ = {isa = PBXBuildFile; fileRef = 859EB9C3358E48CBB3937FB8 /* Exo2-SemiBoldItalic.ttf */; };
		DAFF8B2DD65344DA8C24C888 /* Exo2-ExtraLightItalic.ttf in Resources */ = {isa = PBXBuildFile; fileRef = 5CC34432AB80409FBEF86274 /* Exo2-ExtraLightItalic.ttf */; };
		DD089B23EE524DD98CA2CC13 /* Exo2-Regular.ttf in Resources */ = {isa = PBXBuildFile; fileRef = EA83A089390A462ABC525567 /* Exo2-Regular.ttf */; };
		E47FFAD949C95AB8B0E0F5BC /* Pods_stylist.framework in Frameworks */ = {isa = PBXBuildFile; fileRef = 22107EF59ECA66CCA6B5BF57 /* Pods_stylist.framework */; };
		E5E661AEBA76478E80A2DC07 /* Exo2-Italic.ttf in Resources */ = {isa = PBXBuildFile; fileRef = 11507FB31A594A9AB6360734 /* Exo2-Italic.ttf */; };
		E71CD18BE22D496AA715644D /* Poppins-Medium.ttf in Resources */ = {isa = PBXBuildFile; fileRef = 5AE3AF27528C41ADA30BFC3F /* Poppins-Medium.ttf */; };
		F39DB8BA359046C08496FC87 /* Exo2-LightItalic.ttf in Resources */ = {isa = PBXBuildFile; fileRef = 3C7420069C184F1DB6BA0D15 /* Exo2-LightItalic.ttf */; };
		F3D76ABAAF5A40058DC4791B /* Poppins-Bold.ttf in Resources */ = {isa = PBXBuildFile; fileRef = 9F325DD4E2584B8ABDB5F13A /* Poppins-Bold.ttf */; };
		F61592B93A6E417F8F2382B7 /* fonts.js in Resources */ = {isa = PBXBuildFile; fileRef = 350EC574360C4EF7891DA205 /* fonts.js */; };
		F896871A163F4AA8B23F1595 /* Poppins-Black.ttf in Resources */ = {isa = PBXBuildFile; fileRef = 250008A5474E46158206035E /* Poppins-Black.ttf */; };
/* End PBXBuildFile section */

/* Begin PBXFileReference section */
		00E356F11AD99517003FC87E /* Info.plist */ = {isa = PBXFileReference; lastKnownFileType = text.plist.xml; path = Info.plist; sourceTree = "<group>"; };
		00E356F21AD99517003FC87E /* stylistTests.m */ = {isa = PBXFileReference; lastKnownFileType = sourcecode.c.objc; path = stylistTests.m; sourceTree = "<group>"; };
		070B103658930E6FFF05A7E4 /* Pods-stylist.debug.xcconfig */ = {isa = PBXFileReference; includeInIndex = 1; lastKnownFileType = text.xcconfig; name = "Pods-stylist.debug.xcconfig"; path = "Target Support Files/Pods-stylist/Pods-stylist.debug.xcconfig"; sourceTree = "<group>"; };
		0BC3825481504527B8F65FB9 /* Poppins-LightItalic.ttf */ = {isa = PBXFileReference; explicitFileType = undefined; fileEncoding = 9; includeInIndex = 0; lastKnownFileType = unknown; name = "Poppins-LightItalic.ttf"; path = "../src/assets/fonts/Poppins-LightItalic.ttf"; sourceTree = "<group>"; };
		11507FB31A594A9AB6360734 /* Exo2-Italic.ttf */ = {isa = PBXFileReference; explicitFileType = undefined; fileEncoding = 9; includeInIndex = 0; lastKnownFileType = unknown; name = "Exo2-Italic.ttf"; path = "../src/assets/fonts/Exo2-Italic.ttf"; sourceTree = "<group>"; };
		13B07F961A680F5B00A75B9A /* stylist.app */ = {isa = PBXFileReference; explicitFileType = wrapper.application; includeInIndex = 0; path = stylist.app; sourceTree = BUILT_PRODUCTS_DIR; };
		13B07FAF1A68108700A75B9A /* AppDelegate.h */ = {isa = PBXFileReference; fileEncoding = 4; lastKnownFileType = sourcecode.c.h; name = AppDelegate.h; path = stylist/AppDelegate.h; sourceTree = "<group>"; };
		13B07FB01A68108700A75B9A /* AppDelegate.mm */ = {isa = PBXFileReference; fileEncoding = 4; lastKnownFileType = sourcecode.cpp.objcpp; name = AppDelegate.mm; path = stylist/AppDelegate.mm; sourceTree = "<group>"; };
		13B07FB51A68108700A75B9A /* Images.xcassets */ = {isa = PBXFileReference; lastKnownFileType = folder.assetcatalog; name = Images.xcassets; path = stylist/Images.xcassets; sourceTree = "<group>"; };
		13B07FB61A68108700A75B9A /* Info.plist */ = {isa = PBXFileReference; fileEncoding = 4; lastKnownFileType = text.plist.xml; name = Info.plist; path = stylist/Info.plist; sourceTree = "<group>"; };
		13B07FB71A68108700A75B9A /* main.m */ = {isa = PBXFileReference; fileEncoding = 4; lastKnownFileType = sourcecode.c.objc; name = main.m; path = stylist/main.m; sourceTree = "<group>"; };
		17F74BFDEEB147C0B846C945 /* Exo2-Medium.ttf */ = {isa = PBXFileReference; explicitFileType = undefined; fileEncoding = 9; includeInIndex = 0; lastKnownFileType = unknown; name = "Exo2-Medium.ttf"; path = "../src/assets/fonts/Exo2-Medium.ttf"; sourceTree = "<group>"; };
		1C8504BA6CA84EFE81F80F07 /* Poppins-MediumItalic.ttf */ = {isa = PBXFileReference; explicitFileType = undefined; fileEncoding = 9; includeInIndex = 0; lastKnownFileType = unknown; name = "Poppins-MediumItalic.ttf"; path = "../src/assets/fonts/Poppins-MediumItalic.ttf"; sourceTree = "<group>"; };
		204AA27DB2C24D358A58AF01 /* Exo2-Light.ttf */ = {isa = PBXFileReference; explicitFileType = undefined; fileEncoding = 9; includeInIndex = 0; lastKnownFileType = unknown; name = "Exo2-Light.ttf"; path = "../src/assets/fonts/Exo2-Light.ttf"; sourceTree = "<group>"; };
		22107EF59ECA66CCA6B5BF57 /* Pods_stylist.framework */ = {isa = PBXFileReference; explicitFileType = wrapper.framework; includeInIndex = 0; path = Pods_stylist.framework; sourceTree = BUILT_PRODUCTS_DIR; };
		24AE09CF106F417981F2D570 /* Exo2-BlackItalic.ttf */ = {isa = PBXFileReference; explicitFileType = undefined; fileEncoding = 9; includeInIndex = 0; lastKnownFileType = unknown; name = "Exo2-BlackItalic.ttf"; path = "../src/assets/fonts/Exo2-BlackItalic.ttf"; sourceTree = "<group>"; };
		250008A5474E46158206035E /* Poppins-Black.ttf */ = {isa = PBXFileReference; explicitFileType = undefined; fileEncoding = 9; includeInIndex = 0; lastKnownFileType = unknown; name = "Poppins-Black.ttf"; path = "../src/assets/fonts/Poppins-Black.ttf"; sourceTree = "<group>"; };
		350EC574360C4EF7891DA205 /* fonts.js */ = {isa = PBXFileReference; explicitFileType = undefined; fileEncoding = 9; includeInIndex = 0; lastKnownFileType = unknown; name = fonts.js; path = ../src/assets/fonts/fonts.js; sourceTree = "<group>"; };
		387E1FEE09814B279DB5D211 /* Poppins-Light.ttf */ = {isa = PBXFileReference; explicitFileType = undefined; fileEncoding = 9; includeInIndex = 0; lastKnownFileType = unknown; name = "Poppins-Light.ttf"; path = "../src/assets/fonts/Poppins-Light.ttf"; sourceTree = "<group>"; };
		3B9EF6620A0C4B639232189D /* Exo2-ExtraLight.ttf */ = {isa = PBXFileReference; explicitFileType = undefined; fileEncoding = 9; includeInIndex = 0; lastKnownFileType = unknown; name = "Exo2-ExtraLight.ttf"; path = "../src/assets/fonts/Exo2-ExtraLight.ttf"; sourceTree = "<group>"; };
		3C7420069C184F1DB6BA0D15 /* Exo2-LightItalic.ttf */ = {isa = PBXFileReference; explicitFileType = undefined; fileEncoding = 9; includeInIndex = 0; lastKnownFileType = unknown; name = "Exo2-LightItalic.ttf"; path = "../src/assets/fonts/Exo2-LightItalic.ttf"; sourceTree = "<group>"; };
		44B2C0402D584E2781DFED54 /* Poppins-BoldItalic.ttf */ = {isa = PBXFileReference; explicitFileType = undefined; fileEncoding = 9; includeInIndex = 0; lastKnownFileType = unknown; name = "Poppins-BoldItalic.ttf"; path = "../src/assets/fonts/Poppins-BoldItalic.ttf"; sourceTree = "<group>"; };
		44D4EC42225D4BF1B3B4B6AD /* Poppins-SemiBold.ttf */ = {isa = PBXFileReference; explicitFileType = undefined; fileEncoding = 9; includeInIndex = 0; lastKnownFileType = unknown; name = "Poppins-SemiBold.ttf"; path = "../src/assets/fonts/Poppins-SemiBold.ttf"; sourceTree = "<group>"; };
		4E5EEF86859947628E198C55 /* Exo2-SemiBold.ttf */ = {isa = PBXFileReference; explicitFileType = undefined; fileEncoding = 9; includeInIndex = 0; lastKnownFileType = unknown; name = "Exo2-SemiBold.ttf"; path = "../src/assets/fonts/Exo2-SemiBold.ttf"; sourceTree = "<group>"; };
		512AAA0FF0E848AEAD890FE7 /* Poppins-BlackItalic.ttf */ = {isa = PBXFileReference; explicitFileType = undefined; fileEncoding = 9; includeInIndex = 0; lastKnownFileType = unknown; name = "Poppins-BlackItalic.ttf"; path = "../src/assets/fonts/Poppins-BlackItalic.ttf"; sourceTree = "<group>"; };
		5A3C46227A7941139A365041 /* Exo2-ExtraBoldItalic.ttf */ = {isa = PBXFileReference; explicitFileType = undefined; fileEncoding = 9; includeInIndex = 0; lastKnownFileType = unknown; name = "Exo2-ExtraBoldItalic.ttf"; path = "../src/assets/fonts/Exo2-ExtraBoldItalic.ttf"; sourceTree = "<group>"; };
		5A5C7C132E10405F968E3101 /* Poppins-Regular.ttf */ = {isa = PBXFileReference; explicitFileType = undefined; fileEncoding = 9; includeInIndex = 0; lastKnownFileType = unknown; name = "Poppins-Regular.ttf"; path = "../src/assets/fonts/Poppins-Regular.ttf"; sourceTree = "<group>"; };
		5AE3AF27528C41ADA30BFC3F /* Poppins-Medium.ttf */ = {isa = PBXFileReference; explicitFileType = undefined; fileEncoding = 9; includeInIndex = 0; lastKnownFileType = unknown; name = "Poppins-Medium.ttf"; path = "../src/assets/fonts/Poppins-Medium.ttf"; sourceTree = "<group>"; };
		5CC34432AB80409FBEF86274 /* Exo2-ExtraLightItalic.ttf */ = {isa = PBXFileReference; explicitFileType = undefined; fileEncoding = 9; includeInIndex = 0; lastKnownFileType = unknown; name = "Exo2-ExtraLightItalic.ttf"; path = "../src/assets/fonts/Exo2-ExtraLightItalic.ttf"; sourceTree = "<group>"; };
		5D2619E4511E4C4D9F54D196 /* Poppins-ExtraLightItalic.ttf */ = {isa = PBXFileReference; explicitFileType = undefined; fileEncoding = 9; includeInIndex = 0; lastKnownFileType = unknown; name = "Poppins-ExtraLightItalic.ttf"; path = "../src/assets/fonts/Poppins-ExtraLightItalic.ttf"; sourceTree = "<group>"; };
		6F37E852AAB64F268701F96D /* Exo2-Bold.ttf */ = {isa = PBXFileReference; explicitFileType = undefined; fileEncoding = 9; includeInIndex = 0; lastKnownFileType = unknown; name = "Exo2-Bold.ttf"; path = "../src/assets/fonts/Exo2-Bold.ttf"; sourceTree = "<group>"; };
		71837C246E5F425394951D1B /* Exo2-MediumItalic.ttf */ = {isa = PBXFileReference; explicitFileType = undefined; fileEncoding = 9; includeInIndex = 0; lastKnownFileType = unknown; name = "Exo2-MediumItalic.ttf"; path = "../src/assets/fonts/Exo2-MediumItalic.ttf"; sourceTree = "<group>"; };
		792D1D595ECD4FBC8B61531E /* Poppins-ExtraLight.ttf */ = {isa = PBXFileReference; explicitFileType = undefined; fileEncoding = 9; includeInIndex = 0; lastKnownFileType = unknown; name = "Poppins-ExtraLight.ttf"; path = "../src/assets/fonts/Poppins-ExtraLight.ttf"; sourceTree = "<group>"; };
		7A72F81ADE26D750DD3B2C76 /* Pods-stylist.release.xcconfig */ = {isa = PBXFileReference; includeInIndex = 1; lastKnownFileType = text.xcconfig; name = "Pods-stylist.release.xcconfig"; path = "Target Support Files/Pods-stylist/Pods-stylist.release.xcconfig"; sourceTree = "<group>"; };
		81AB9BB72411601600AC10FF /* LaunchScreen.storyboard */ = {isa = PBXFileReference; fileEncoding = 4; lastKnownFileType = file.storyboard; name = LaunchScreen.storyboard; path = stylist/LaunchScreen.storyboard; sourceTree = "<group>"; };
		859EB9C3358E48CBB3937FB8 /* Exo2-SemiBoldItalic.ttf */ = {isa = PBXFileReference; explicitFileType = undefined; fileEncoding = 9; includeInIndex = 0; lastKnownFileType = unknown; name = "Exo2-SemiBoldItalic.ttf"; path = "../src/assets/fonts/Exo2-SemiBoldItalic.ttf"; sourceTree = "<group>"; };
		8652392D29D6E06200F1D75D /* client_286833901995-cg0gus8q2l3s7okn56epp0avvmk9r000.apps.googleusercontent.com.plist */ = {isa = PBXFileReference; fileEncoding = 4; lastKnownFileType = text.plist.xml; path = "client_286833901995-cg0gus8q2l3s7okn56epp0avvmk9r000.apps.googleusercontent.com.plist"; sourceTree = "<group>"; };
		867848F729DEB42900C7579F /* stylist.entitlements */ = {isa = PBXFileReference; lastKnownFileType = text.plist.entitlements; name = stylist.entitlements; path = stylist/stylist.entitlements; sourceTree = "<group>"; };
		86863FB828CB0D1E005657A6 /* AIRDummyView.m */ = {isa = PBXFileReference; fileEncoding = 4; lastKnownFileType = sourcecode.c.objc; path = AIRDummyView.m; sourceTree = "<group>"; };
		86863FB928CB0D1E005657A6 /* AIRGoogleMapWMSTile.h */ = {isa = PBXFileReference; fileEncoding = 4; lastKnownFileType = sourcecode.c.h; path = AIRGoogleMapWMSTile.h; sourceTree = "<group>"; };
		86863FBA28CB0D1E005657A6 /* AIRGoogleMapPolyline.h */ = {isa = PBXFileReference; fileEncoding = 4; lastKnownFileType = sourcecode.c.h; path = AIRGoogleMapPolyline.h; sourceTree = "<group>"; };
		86863FBB28CB0D1E005657A6 /* AIRGoogleMapHeatmapManager.h */ = {isa = PBXFileReference; fileEncoding = 4; lastKnownFileType = sourcecode.c.h; path = AIRGoogleMapHeatmapManager.h; sourceTree = "<group>"; };
		86863FBC28CB0D1E005657A6 /* AIRGoogleMapUrlTile.m */ = {isa = PBXFileReference; fileEncoding = 4; lastKnownFileType = sourcecode.c.objc; path = AIRGoogleMapUrlTile.m; sourceTree = "<group>"; };
		86863FBD28CB0D1E005657A6 /* AIRGoogleMapMarkerManager.h */ = {isa = PBXFileReference; fileEncoding = 4; lastKnownFileType = sourcecode.c.h; path = AIRGoogleMapMarkerManager.h; sourceTree = "<group>"; };
		86863FBE28CB0D1E005657A6 /* AIRGoogleMapCalloutManager.h */ = {isa = PBXFileReference; fileEncoding = 4; lastKnownFileType = sourcecode.c.h; path = AIRGoogleMapCalloutManager.h; sourceTree = "<group>"; };
		86863FBF28CB0D1E005657A6 /* AIRGoogleMapPolygonManager.m */ = {isa = PBXFileReference; fileEncoding = 4; lastKnownFileType = sourcecode.c.objc; path = AIRGoogleMapPolygonManager.m; sourceTree = "<group>"; };
		86863FC028CB0D1E005657A6 /* RCTConvert+GMSMapViewType.h */ = {isa = PBXFileReference; fileEncoding = 4; lastKnownFileType = sourcecode.c.h; path = "RCTConvert+GMSMapViewType.h"; sourceTree = "<group>"; };
		86863FC128CB0D1E005657A6 /* AIRGoogleMapManager.h */ = {isa = PBXFileReference; fileEncoding = 4; lastKnownFileType = sourcecode.c.h; path = AIRGoogleMapManager.h; sourceTree = "<group>"; };
		86863FC228CB0D1E005657A6 /* AIRGoogleMapMarker.m */ = {isa = PBXFileReference; fileEncoding = 4; lastKnownFileType = sourcecode.c.objc; path = AIRGoogleMapMarker.m; sourceTree = "<group>"; };
		86863FC328CB0D1E005657A6 /* AIRGMSPolyline.h */ = {isa = PBXFileReference; fileEncoding = 4; lastKnownFileType = sourcecode.c.h; path = AIRGMSPolyline.h; sourceTree = "<group>"; };
		86863FC428CB0D1E005657A6 /* AIRGoogleMapPolylineManager.h */ = {isa = PBXFileReference; fileEncoding = 4; lastKnownFileType = sourcecode.c.h; path = AIRGoogleMapPolylineManager.h; sourceTree = "<group>"; };
		86863FC528CB0D1E005657A6 /* AIRGoogleMapOverlay.h */ = {isa = PBXFileReference; fileEncoding = 4; lastKnownFileType = sourcecode.c.h; path = AIRGoogleMapOverlay.h; sourceTree = "<group>"; };
		86863FC628CB0D1E005657A6 /* AIRGMSPolygon.m */ = {isa = PBXFileReference; fileEncoding = 4; lastKnownFileType = sourcecode.c.objc; path = AIRGMSPolygon.m; sourceTree = "<group>"; };
		86863FC728CB0D1E005657A6 /* AIRGoogleMapURLTileManager.m */ = {isa = PBXFileReference; fileEncoding = 4; lastKnownFileType = sourcecode.c.objc; path = AIRGoogleMapURLTileManager.m; sourceTree = "<group>"; };
		86863FC828CB0D1E005657A6 /* AIRGoogleMapWMSTileManager.m */ = {isa = PBXFileReference; fileEncoding = 4; lastKnownFileType = sourcecode.c.objc; path = AIRGoogleMapWMSTileManager.m; sourceTree = "<group>"; };
		86863FC928CB0D1E005657A6 /* AIRGoogleMapCircle.m */ = {isa = PBXFileReference; fileEncoding = 4; lastKnownFileType = sourcecode.c.objc; path = AIRGoogleMapCircle.m; sourceTree = "<group>"; };
		86863FCA28CB0D1E005657A6 /* AIRGoogleMap.h */ = {isa = PBXFileReference; fileEncoding = 4; lastKnownFileType = sourcecode.c.h; path = AIRGoogleMap.h; sourceTree = "<group>"; };
		86863FCB28CB0D1E005657A6 /* AIRGoogleMapHeatmap.h */ = {isa = PBXFileReference; fileEncoding = 4; lastKnownFileType = sourcecode.c.h; path = AIRGoogleMapHeatmap.h; sourceTree = "<group>"; };
		86863FCC28CB0D1E005657A6 /* AIRGoogleMapOverlayManager.h */ = {isa = PBXFileReference; fileEncoding = 4; lastKnownFileType = sourcecode.c.h; path = AIRGoogleMapOverlayManager.h; sourceTree = "<group>"; };
		86863FCD28CB0D1E005657A6 /* AIRGoogleMapCallout.h */ = {isa = PBXFileReference; fileEncoding = 4; lastKnownFileType = sourcecode.c.h; path = AIRGoogleMapCallout.h; sourceTree = "<group>"; };
		86863FCE28CB0D1E005657A6 /* AIRGoogleMapCalloutSubviewManager.h */ = {isa = PBXFileReference; fileEncoding = 4; lastKnownFileType = sourcecode.c.h; path = AIRGoogleMapCalloutSubviewManager.h; sourceTree = "<group>"; };
		86863FCF28CB0D1E005657A6 /* AIRGoogleMapCalloutSubview.h */ = {isa = PBXFileReference; fileEncoding = 4; lastKnownFileType = sourcecode.c.h; path = AIRGoogleMapCalloutSubview.h; sourceTree = "<group>"; };
		86863FD028CB0D1E005657A6 /* AIRGMSMarker.h */ = {isa = PBXFileReference; fileEncoding = 4; lastKnownFileType = sourcecode.c.h; path = AIRGMSMarker.h; sourceTree = "<group>"; };
		86863FD128CB0D1E005657A6 /* AIRGoogleMapCircleManager.m */ = {isa = PBXFileReference; fileEncoding = 4; lastKnownFileType = sourcecode.c.objc; path = AIRGoogleMapCircleManager.m; sourceTree = "<group>"; };
		86863FD228CB0D1E005657A6 /* AIRGoogleMapPolygon.h */ = {isa = PBXFileReference; fileEncoding = 4; lastKnownFileType = sourcecode.c.h; path = AIRGoogleMapPolygon.h; sourceTree = "<group>"; };
		86863FD328CB0D1E005657A6 /* AIRGoogleMapCalloutManager.m */ = {isa = PBXFileReference; fileEncoding = 4; lastKnownFileType = sourcecode.c.objc; path = AIRGoogleMapCalloutManager.m; sourceTree = "<group>"; };
		86863FD428CB0D1E005657A6 /* AIRGoogleMapMarkerManager.m */ = {isa = PBXFileReference; fileEncoding = 4; lastKnownFileType = sourcecode.c.objc; path = AIRGoogleMapMarkerManager.m; sourceTree = "<group>"; };
		86863FD528CB0D1E005657A6 /* AIRGoogleMapUrlTile.h */ = {isa = PBXFileReference; fileEncoding = 4; lastKnownFileType = sourcecode.c.h; path = AIRGoogleMapUrlTile.h; sourceTree = "<group>"; };
		86863FD628CB0D1E005657A6 /* AIRGoogleMapPolyline.m */ = {isa = PBXFileReference; fileEncoding = 4; lastKnownFileType = sourcecode.c.objc; path = AIRGoogleMapPolyline.m; sourceTree = "<group>"; };
		86863FD728CB0D1E005657A6 /* AIRGoogleMapHeatmapManager.m */ = {isa = PBXFileReference; fileEncoding = 4; lastKnownFileType = sourcecode.c.objc; path = AIRGoogleMapHeatmapManager.m; sourceTree = "<group>"; };
		86863FD828CB0D1E005657A6 /* AIRGoogleMapWMSTile.m */ = {isa = PBXFileReference; fileEncoding = 4; lastKnownFileType = sourcecode.c.objc; path = AIRGoogleMapWMSTile.m; sourceTree = "<group>"; };
		86863FD928CB0D1E005657A6 /* AIRDummyView.h */ = {isa = PBXFileReference; fileEncoding = 4; lastKnownFileType = sourcecode.c.h; path = AIRDummyView.h; sourceTree = "<group>"; };
		86863FDA28CB0D1E005657A6 /* AIRGMSPolygon.h */ = {isa = PBXFileReference; fileEncoding = 4; lastKnownFileType = sourcecode.c.h; path = AIRGMSPolygon.h; sourceTree = "<group>"; };
		86863FDB28CB0D1E005657A6 /* AIRGoogleMapOverlay.m */ = {isa = PBXFileReference; fileEncoding = 4; lastKnownFileType = sourcecode.c.objc; path = AIRGoogleMapOverlay.m; sourceTree = "<group>"; };
		86863FDC28CB0D1E005657A6 /* AIRGMSPolyline.m */ = {isa = PBXFileReference; fileEncoding = 4; lastKnownFileType = sourcecode.c.objc; path = AIRGMSPolyline.m; sourceTree = "<group>"; };
		86863FDD28CB0D1E005657A6 /* AIRGoogleMapPolylineManager.m */ = {isa = PBXFileReference; fileEncoding = 4; lastKnownFileType = sourcecode.c.objc; path = AIRGoogleMapPolylineManager.m; sourceTree = "<group>"; };
		86863FDE28CB0D1E005657A6 /* AIRGoogleMapManager.m */ = {isa = PBXFileReference; fileEncoding = 4; lastKnownFileType = sourcecode.c.objc; path = AIRGoogleMapManager.m; sourceTree = "<group>"; };
		86863FDF28CB0D1E005657A6 /* AIRGoogleMapMarker.h */ = {isa = PBXFileReference; fileEncoding = 4; lastKnownFileType = sourcecode.c.h; path = AIRGoogleMapMarker.h; sourceTree = "<group>"; };
		86863FE028CB0D1E005657A6 /* AIRGoogleMapPolygonManager.h */ = {isa = PBXFileReference; fileEncoding = 4; lastKnownFileType = sourcecode.c.h; path = AIRGoogleMapPolygonManager.h; sourceTree = "<group>"; };
		86863FE128CB0D1E005657A6 /* RCTConvert+GMSMapViewType.m */ = {isa = PBXFileReference; fileEncoding = 4; lastKnownFileType = sourcecode.c.objc; path = "RCTConvert+GMSMapViewType.m"; sourceTree = "<group>"; };
		86863FE228CB0D1E005657A6 /* AIRGoogleMapCalloutSubviewManager.m */ = {isa = PBXFileReference; fileEncoding = 4; lastKnownFileType = sourcecode.c.objc; path = AIRGoogleMapCalloutSubviewManager.m; sourceTree = "<group>"; };
		86863FE328CB0D1E005657A6 /* AIRGoogleMapCallout.m */ = {isa = PBXFileReference; fileEncoding = 4; lastKnownFileType = sourcecode.c.objc; path = AIRGoogleMapCallout.m; sourceTree = "<group>"; };
		86863FE428CB0D1E005657A6 /* AIRGoogleMapOverlayManager.m */ = {isa = PBXFileReference; fileEncoding = 4; lastKnownFileType = sourcecode.c.objc; path = AIRGoogleMapOverlayManager.m; sourceTree = "<group>"; };
		86863FE528CB0D1E005657A6 /* AIRGoogleMapHeatmap.m */ = {isa = PBXFileReference; fileEncoding = 4; lastKnownFileType = sourcecode.c.objc; path = AIRGoogleMapHeatmap.m; sourceTree = "<group>"; };
		86863FE628CB0D1E005657A6 /* AIRGoogleMap.m */ = {isa = PBXFileReference; fileEncoding = 4; lastKnownFileType = sourcecode.c.objc; path = AIRGoogleMap.m; sourceTree = "<group>"; };
		86863FE728CB0D1E005657A6 /* AIRGoogleMapCircle.h */ = {isa = PBXFileReference; fileEncoding = 4; lastKnownFileType = sourcecode.c.h; path = AIRGoogleMapCircle.h; sourceTree = "<group>"; };
		86863FE828CB0D1E005657A6 /* AIRGoogleMapWMSTileManager.h */ = {isa = PBXFileReference; fileEncoding = 4; lastKnownFileType = sourcecode.c.h; path = AIRGoogleMapWMSTileManager.h; sourceTree = "<group>"; };
		86863FE928CB0D1E005657A6 /* AIRGoogleMapUrlTileManager.h */ = {isa = PBXFileReference; fileEncoding = 4; lastKnownFileType = sourcecode.c.h; path = AIRGoogleMapUrlTileManager.h; sourceTree = "<group>"; };
		86863FEA28CB0D1E005657A6 /* AIRGoogleMapCircleManager.h */ = {isa = PBXFileReference; fileEncoding = 4; lastKnownFileType = sourcecode.c.h; path = AIRGoogleMapCircleManager.h; sourceTree = "<group>"; };
		86863FEB28CB0D1E005657A6 /* AIRGoogleMapPolygon.m */ = {isa = PBXFileReference; fileEncoding = 4; lastKnownFileType = sourcecode.c.objc; path = AIRGoogleMapPolygon.m; sourceTree = "<group>"; };
		86863FEC28CB0D1E005657A6 /* AIRGMSMarker.m */ = {isa = PBXFileReference; fileEncoding = 4; lastKnownFileType = sourcecode.c.objc; path = AIRGMSMarker.m; sourceTree = "<group>"; };
		86863FED28CB0D1E005657A6 /* AIRGoogleMapCalloutSubview.m */ = {isa = PBXFileReference; fileEncoding = 4; lastKnownFileType = sourcecode.c.objc; path = AIRGoogleMapCalloutSubview.m; sourceTree = "<group>"; };
		8686400A28CB0D32005657A6 /* AIRMapLocalTileManager.h */ = {isa = PBXFileReference; fileEncoding = 4; lastKnownFileType = sourcecode.c.h; path = AIRMapLocalTileManager.h; sourceTree = "<group>"; };
		8686400B28CB0D32005657A6 /* AIRMapCallout.h */ = {isa = PBXFileReference; fileEncoding = 4; lastKnownFileType = sourcecode.c.h; path = AIRMapCallout.h; sourceTree = "<group>"; };
		8686400C28CB0D32005657A6 /* AIRWeakTimerReference.h */ = {isa = PBXFileReference; fileEncoding = 4; lastKnownFileType = sourcecode.c.h; path = AIRWeakTimerReference.h; sourceTree = "<group>"; };
		8686400D28CB0D32005657A6 /* AIRMapLocalTileOverlay.h */ = {isa = PBXFileReference; fileEncoding = 4; lastKnownFileType = sourcecode.c.h; path = AIRMapLocalTileOverlay.h; sourceTree = "<group>"; };
		8686400E28CB0D32005657A6 /* AIRMapCalloutManager.m */ = {isa = PBXFileReference; fileEncoding = 4; lastKnownFileType = sourcecode.c.objc; path = AIRMapCalloutManager.m; sourceTree = "<group>"; };
		8686400F28CB0D32005657A6 /* AIRMap.h */ = {isa = PBXFileReference; fileEncoding = 4; lastKnownFileType = sourcecode.c.h; path = AIRMap.h; sourceTree = "<group>"; };
		8686401028CB0D32005657A6 /* AIRMapPolygon.h */ = {isa = PBXFileReference; fileEncoding = 4; lastKnownFileType = sourcecode.c.h; path = AIRMapPolygon.h; sourceTree = "<group>"; };
		8686401128CB0D32005657A6 /* AIRMapPolygonManager.h */ = {isa = PBXFileReference; fileEncoding = 4; lastKnownFileType = sourcecode.c.h; path = AIRMapPolygonManager.h; sourceTree = "<group>"; };
		8686401228CB0D32005657A6 /* AIRMapMarker.h */ = {isa = PBXFileReference; fileEncoding = 4; lastKnownFileType = sourcecode.c.h; path = AIRMapMarker.h; sourceTree = "<group>"; };
		8686401328CB0D32005657A6 /* AIRMapCircleManager.h */ = {isa = PBXFileReference; fileEncoding = 4; lastKnownFileType = sourcecode.c.h; path = AIRMapCircleManager.h; sourceTree = "<group>"; };
		8686401428CB0D32005657A6 /* AIRWeakMapReference.h */ = {isa = PBXFileReference; fileEncoding = 4; lastKnownFileType = sourcecode.c.h; path = AIRWeakMapReference.h; sourceTree = "<group>"; };
		8686401528CB0D32005657A6 /* AIRMapUrlTileCachedOverlay.m */ = {isa = PBXFileReference; fileEncoding = 4; lastKnownFileType = sourcecode.c.objc; path = AIRMapUrlTileCachedOverlay.m; sourceTree = "<group>"; };
		8686401628CB0D32005657A6 /* AIRMapPolyline.h */ = {isa = PBXFileReference; fileEncoding = 4; lastKnownFileType = sourcecode.c.h; path = AIRMapPolyline.h; sourceTree = "<group>"; };
		8686401728CB0D32005657A6 /* AIRMapLocalTile.m */ = {isa = PBXFileReference; fileEncoding = 4; lastKnownFileType = sourcecode.c.objc; path = AIRMapLocalTile.m; sourceTree = "<group>"; };
		8686401828CB0D32005657A6 /* AIRMapWMSTileManager.h */ = {isa = PBXFileReference; fileEncoding = 4; lastKnownFileType = sourcecode.c.h; path = AIRMapWMSTileManager.h; sourceTree = "<group>"; };
		8686401928CB0D32005657A6 /* AIRMapUrlTileManager.h */ = {isa = PBXFileReference; fileEncoding = 4; lastKnownFileType = sourcecode.c.h; path = AIRMapUrlTileManager.h; sourceTree = "<group>"; };
		8686401A28CB0D32005657A6 /* AIRMapMarkerManager.m */ = {isa = PBXFileReference; fileEncoding = 4; lastKnownFileType = sourcecode.c.objc; path = AIRMapMarkerManager.m; sourceTree = "<group>"; };
		8686401B28CB0D32005657A6 /* AIRMapCalloutSubviewManager.h */ = {isa = PBXFileReference; fileEncoding = 4; lastKnownFileType = sourcecode.c.h; path = AIRMapCalloutSubviewManager.h; sourceTree = "<group>"; };
		8686401C28CB0D32005657A6 /* AIRMapUrlTile.m */ = {isa = PBXFileReference; fileEncoding = 4; lastKnownFileType = sourcecode.c.objc; path = AIRMapUrlTile.m; sourceTree = "<group>"; };
		8686401D28CB0D32005657A6 /* AIRMapPolylineRenderer.m */ = {isa = PBXFileReference; fileEncoding = 4; lastKnownFileType = sourcecode.c.objc; path = AIRMapPolylineRenderer.m; sourceTree = "<group>"; };
		8686401E28CB0D32005657A6 /* AIRMapOverlayManager.m */ = {isa = PBXFileReference; fileEncoding = 4; lastKnownFileType = sourcecode.c.objc; path = AIRMapOverlayManager.m; sourceTree = "<group>"; };
		8686401F28CB0D32005657A6 /* AIRMapWMSTile.h */ = {isa = PBXFileReference; fileEncoding = 4; lastKnownFileType = sourcecode.c.h; path = AIRMapWMSTile.h; sourceTree = "<group>"; };
		8686402028CB0D32005657A6 /* AIRMapCircle.h */ = {isa = PBXFileReference; fileEncoding = 4; lastKnownFileType = sourcecode.c.h; path = AIRMapCircle.h; sourceTree = "<group>"; };
		8686402128CB0D32005657A6 /* AIRMapCoordinate.m */ = {isa = PBXFileReference; fileEncoding = 4; lastKnownFileType = sourcecode.c.objc; path = AIRMapCoordinate.m; sourceTree = "<group>"; };
		8686402228CB0D32005657A6 /* RCTConvert+AirMap.h */ = {isa = PBXFileReference; fileEncoding = 4; lastKnownFileType = sourcecode.c.h; path = "RCTConvert+AirMap.h"; sourceTree = "<group>"; };
		8686402328CB0D32005657A6 /* AIRMapCalloutSubview.m */ = {isa = PBXFileReference; fileEncoding = 4; lastKnownFileType = sourcecode.c.objc; path = AIRMapCalloutSubview.m; sourceTree = "<group>"; };
		8686402428CB0D32005657A6 /* AIRMapOverlay.h */ = {isa = PBXFileReference; fileEncoding = 4; lastKnownFileType = sourcecode.c.h; path = AIRMapOverlay.h; sourceTree = "<group>"; };
		8686402528CB0D32005657A6 /* AIRMapOverlayRenderer.h */ = {isa = PBXFileReference; fileEncoding = 4; lastKnownFileType = sourcecode.c.h; path = AIRMapOverlayRenderer.h; sourceTree = "<group>"; };
		8686402628CB0D32005657A6 /* AIRMapManager.h */ = {isa = PBXFileReference; fileEncoding = 4; lastKnownFileType = sourcecode.c.h; path = AIRMapManager.h; sourceTree = "<group>"; };
		8686402728CB0D32005657A6 /* AIRMapPolylineManager.m */ = {isa = PBXFileReference; fileEncoding = 4; lastKnownFileType = sourcecode.c.objc; path = AIRMapPolylineManager.m; sourceTree = "<group>"; };
		8686402828CB0D32005657A6 /* AIRMapCalloutManager.h */ = {isa = PBXFileReference; fileEncoding = 4; lastKnownFileType = sourcecode.c.h; path = AIRMapCalloutManager.h; sourceTree = "<group>"; };
		8686402A28CB0D32005657A6 /* SMCalloutView.m */ = {isa = PBXFileReference; fileEncoding = 4; lastKnownFileType = sourcecode.c.objc; path = SMCalloutView.m; sourceTree = "<group>"; };
		8686402B28CB0D32005657A6 /* SMCalloutView.h */ = {isa = PBXFileReference; fileEncoding = 4; lastKnownFileType = sourcecode.c.h; path = SMCalloutView.h; sourceTree = "<group>"; };
		8686402C28CB0D32005657A6 /* AIRMapLocalTileOverlay.m */ = {isa = PBXFileReference; fileEncoding = 4; lastKnownFileType = sourcecode.c.objc; path = AIRMapLocalTileOverlay.m; sourceTree = "<group>"; };
		8686402D28CB0D32005657A6 /* AIRWeakTimerReference.m */ = {isa = PBXFileReference; fileEncoding = 4; lastKnownFileType = sourcecode.c.objc; path = AIRWeakTimerReference.m; sourceTree = "<group>"; };
		8686402E28CB0D32005657A6 /* AIRMapCallout.m */ = {isa = PBXFileReference; fileEncoding = 4; lastKnownFileType = sourcecode.c.objc; path = AIRMapCallout.m; sourceTree = "<group>"; };
		8686402F28CB0D32005657A6 /* AIRMapLocalTileManager.m */ = {isa = PBXFileReference; fileEncoding = 4; lastKnownFileType = sourcecode.c.objc; path = AIRMapLocalTileManager.m; sourceTree = "<group>"; };
		8686403028CB0D32005657A6 /* AIRMapPolyline.m */ = {isa = PBXFileReference; fileEncoding = 4; lastKnownFileType = sourcecode.c.objc; path = AIRMapPolyline.m; sourceTree = "<group>"; };
		8686403128CB0D32005657A6 /* AIRMapSnapshot.h */ = {isa = PBXFileReference; fileEncoding = 4; lastKnownFileType = sourcecode.c.h; path = AIRMapSnapshot.h; sourceTree = "<group>"; };
		8686403228CB0D32005657A6 /* AIRWeakMapReference.m */ = {isa = PBXFileReference; fileEncoding = 4; lastKnownFileType = sourcecode.c.objc; path = AIRWeakMapReference.m; sourceTree = "<group>"; };
		8686403328CB0D32005657A6 /* AIRMapUrlTileCachedOverlay.h */ = {isa = PBXFileReference; fileEncoding = 4; lastKnownFileType = sourcecode.c.h; path = AIRMapUrlTileCachedOverlay.h; sourceTree = "<group>"; };
		8686403428CB0D32005657A6 /* AIRMapCircleManager.m */ = {isa = PBXFileReference; fileEncoding = 4; lastKnownFileType = sourcecode.c.objc; path = AIRMapCircleManager.m; sourceTree = "<group>"; };
		8686403528CB0D32005657A6 /* AIRMapMarker.m */ = {isa = PBXFileReference; fileEncoding = 4; lastKnownFileType = sourcecode.c.objc; path = AIRMapMarker.m; sourceTree = "<group>"; };
		8686403628CB0D32005657A6 /* AIRMapPolygonManager.m */ = {isa = PBXFileReference; fileEncoding = 4; lastKnownFileType = sourcecode.c.objc; path = AIRMapPolygonManager.m; sourceTree = "<group>"; };
		8686403728CB0D32005657A6 /* AIRMapPolygon.m */ = {isa = PBXFileReference; fileEncoding = 4; lastKnownFileType = sourcecode.c.objc; path = AIRMapPolygon.m; sourceTree = "<group>"; };
		8686403828CB0D32005657A6 /* AIRMap.m */ = {isa = PBXFileReference; fileEncoding = 4; lastKnownFileType = sourcecode.c.objc; path = AIRMap.m; sourceTree = "<group>"; };
		8686403928CB0D32005657A6 /* AIRMapCoordinate.h */ = {isa = PBXFileReference; fileEncoding = 4; lastKnownFileType = sourcecode.c.h; path = AIRMapCoordinate.h; sourceTree = "<group>"; };
		8686403A28CB0D32005657A6 /* AIRMapCircle.m */ = {isa = PBXFileReference; fileEncoding = 4; lastKnownFileType = sourcecode.c.objc; path = AIRMapCircle.m; sourceTree = "<group>"; };
		8686403B28CB0D32005657A6 /* AIRMapOverlayManager.h */ = {isa = PBXFileReference; fileEncoding = 4; lastKnownFileType = sourcecode.c.h; path = AIRMapOverlayManager.h; sourceTree = "<group>"; };
		8686403C28CB0D32005657A6 /* AIRMapWMSTile.m */ = {isa = PBXFileReference; fileEncoding = 4; lastKnownFileType = sourcecode.c.objc; path = AIRMapWMSTile.m; sourceTree = "<group>"; };
		8686403D28CB0D32005657A6 /* AIRMapPolylineRenderer.h */ = {isa = PBXFileReference; fileEncoding = 4; lastKnownFileType = sourcecode.c.h; path = AIRMapPolylineRenderer.h; sourceTree = "<group>"; };
		8686403E28CB0D32005657A6 /* AIRMapUrlTile.h */ = {isa = PBXFileReference; fileEncoding = 4; lastKnownFileType = sourcecode.c.h; path = AIRMapUrlTile.h; sourceTree = "<group>"; };
		8686403F28CB0D32005657A6 /* AIRMapCalloutSubviewManager.m */ = {isa = PBXFileReference; fileEncoding = 4; lastKnownFileType = sourcecode.c.objc; path = AIRMapCalloutSubviewManager.m; sourceTree = "<group>"; };
		8686404028CB0D32005657A6 /* AIRMapUrlTileManager.m */ = {isa = PBXFileReference; fileEncoding = 4; lastKnownFileType = sourcecode.c.objc; path = AIRMapUrlTileManager.m; sourceTree = "<group>"; };
		8686404128CB0D32005657A6 /* AIRMapMarkerManager.h */ = {isa = PBXFileReference; fileEncoding = 4; lastKnownFileType = sourcecode.c.h; path = AIRMapMarkerManager.h; sourceTree = "<group>"; };
		8686404228CB0D32005657A6 /* AIRMapWMSTileManager.m */ = {isa = PBXFileReference; fileEncoding = 4; lastKnownFileType = sourcecode.c.objc; path = AIRMapWMSTileManager.m; sourceTree = "<group>"; };
		8686404328CB0D32005657A6 /* AIRMapLocalTile.h */ = {isa = PBXFileReference; fileEncoding = 4; lastKnownFileType = sourcecode.c.h; path = AIRMapLocalTile.h; sourceTree = "<group>"; };
		8686404428CB0D32005657A6 /* AIRMapPolylineManager.h */ = {isa = PBXFileReference; fileEncoding = 4; lastKnownFileType = sourcecode.c.h; path = AIRMapPolylineManager.h; sourceTree = "<group>"; };
		8686404528CB0D32005657A6 /* AIRMapManager.m */ = {isa = PBXFileReference; fileEncoding = 4; lastKnownFileType = sourcecode.c.objc; path = AIRMapManager.m; sourceTree = "<group>"; };
		8686404628CB0D32005657A6 /* AIRMapOverlay.m */ = {isa = PBXFileReference; fileEncoding = 4; lastKnownFileType = sourcecode.c.objc; path = AIRMapOverlay.m; sourceTree = "<group>"; };
		8686404728CB0D32005657A6 /* AIRMapOverlayRenderer.m */ = {isa = PBXFileReference; fileEncoding = 4; lastKnownFileType = sourcecode.c.objc; path = AIRMapOverlayRenderer.m; sourceTree = "<group>"; };
		8686404828CB0D32005657A6 /* AIRMapCalloutSubview.h */ = {isa = PBXFileReference; fileEncoding = 4; lastKnownFileType = sourcecode.c.h; path = AIRMapCalloutSubview.h; sourceTree = "<group>"; };
		8686404928CB0D32005657A6 /* RCTConvert+AirMap.m */ = {isa = PBXFileReference; fileEncoding = 4; lastKnownFileType = sourcecode.c.objc; path = "RCTConvert+AirMap.m"; sourceTree = "<group>"; };
		86A25FF328CA20ED00612995 /* AntDesign.ttf */ = {isa = PBXFileReference; lastKnownFileType = file; name = AntDesign.ttf; path = "../node_modules/react-native-vector-icons/Fonts/AntDesign.ttf"; sourceTree = "<group>"; };
		86A25FF428CA213200612995 /* Entypo.ttf */ = {isa = PBXFileReference; lastKnownFileType = file; name = Entypo.ttf; path = "../node_modules/react-native-vector-icons/Fonts/Entypo.ttf"; sourceTree = "<group>"; };
		86A25FF528CA217C00612995 /* EvilIcons.ttf */ = {isa = PBXFileReference; lastKnownFileType = file; name = EvilIcons.ttf; path = "../node_modules/react-native-vector-icons/Fonts/EvilIcons.ttf"; sourceTree = "<group>"; };
		86A25FF628CA217C00612995 /* FontAwesome.ttf */ = {isa = PBXFileReference; lastKnownFileType = file; name = FontAwesome.ttf; path = "../node_modules/react-native-vector-icons/Fonts/FontAwesome.ttf"; sourceTree = "<group>"; };
		86A25FF728CA217C00612995 /* FontAwesome5_Brands.ttf */ = {isa = PBXFileReference; lastKnownFileType = file; name = FontAwesome5_Brands.ttf; path = "../node_modules/react-native-vector-icons/Fonts/FontAwesome5_Brands.ttf"; sourceTree = "<group>"; };
		86A25FF828CA217C00612995 /* Feather.ttf */ = {isa = PBXFileReference; lastKnownFileType = file; name = Feather.ttf; path = "../node_modules/react-native-vector-icons/Fonts/Feather.ttf"; sourceTree = "<group>"; };
		86A25FF928CA217C00612995 /* FontAwesome5_Solid.ttf */ = {isa = PBXFileReference; lastKnownFileType = file; name = FontAwesome5_Solid.ttf; path = "../node_modules/react-native-vector-icons/Fonts/FontAwesome5_Solid.ttf"; sourceTree = "<group>"; };
		86A25FFA28CA217C00612995 /* Fontisto.ttf */ = {isa = PBXFileReference; lastKnownFileType = file; name = Fontisto.ttf; path = "../node_modules/react-native-vector-icons/Fonts/Fontisto.ttf"; sourceTree = "<group>"; };
		86A25FFB28CA217C00612995 /* MaterialIcons.ttf */ = {isa = PBXFileReference; lastKnownFileType = file; name = MaterialIcons.ttf; path = "../node_modules/react-native-vector-icons/Fonts/MaterialIcons.ttf"; sourceTree = "<group>"; };
		86A25FFC28CA217D00612995 /* FontAwesome5_Regular.ttf */ = {isa = PBXFileReference; lastKnownFileType = file; name = FontAwesome5_Regular.ttf; path = "../node_modules/react-native-vector-icons/Fonts/FontAwesome5_Regular.ttf"; sourceTree = "<group>"; };
		86A25FFD28CA217D00612995 /* Foundation.ttf */ = {isa = PBXFileReference; lastKnownFileType = file; name = Foundation.ttf; path = "../node_modules/react-native-vector-icons/Fonts/Foundation.ttf"; sourceTree = "<group>"; };
		86A25FFE28CA217D00612995 /* SimpleLineIcons.ttf */ = {isa = PBXFileReference; lastKnownFileType = file; name = SimpleLineIcons.ttf; path = "../node_modules/react-native-vector-icons/Fonts/SimpleLineIcons.ttf"; sourceTree = "<group>"; };
		86A25FFF28CA217D00612995 /* Ionicons.ttf */ = {isa = PBXFileReference; lastKnownFileType = file; name = Ionicons.ttf; path = "../node_modules/react-native-vector-icons/Fonts/Ionicons.ttf"; sourceTree = "<group>"; };
		86A2600028CA217D00612995 /* MaterialCommunityIcons.ttf */ = {isa = PBXFileReference; lastKnownFileType = file; name = MaterialCommunityIcons.ttf; path = "../node_modules/react-native-vector-icons/Fonts/MaterialCommunityIcons.ttf"; sourceTree = "<group>"; };
		86A2600128CA217D00612995 /* Octicons.ttf */ = {isa = PBXFileReference; lastKnownFileType = file; name = Octicons.ttf; path = "../node_modules/react-native-vector-icons/Fonts/Octicons.ttf"; sourceTree = "<group>"; };
		86A2600228CA217D00612995 /* Zocial.ttf */ = {isa = PBXFileReference; lastKnownFileType = file; name = Zocial.ttf; path = "../node_modules/react-native-vector-icons/Fonts/Zocial.ttf"; sourceTree = "<group>"; };
		8820648B29E6BAD000A8A160 /* GoogleService-Info.plist */ = {isa = PBXFileReference; fileEncoding = 4; lastKnownFileType = text.plist.xml; path = "GoogleService-Info.plist"; sourceTree = "<group>"; };
		929F20F414DC4D6C9D5C0633 /* Exo2-ExtraBold.ttf */ = {isa = PBXFileReference; explicitFileType = undefined; fileEncoding = 9; includeInIndex = 0; lastKnownFileType = unknown; name = "Exo2-ExtraBold.ttf"; path = "../src/assets/fonts/Exo2-ExtraBold.ttf"; sourceTree = "<group>"; };
		9AF84D6F6CE84547A7CFAF79 /* Exo2-Thin.ttf */ = {isa = PBXFileReference; explicitFileType = undefined; fileEncoding = 9; includeInIndex = 0; lastKnownFileType = unknown; name = "Exo2-Thin.ttf"; path = "../src/assets/fonts/Exo2-Thin.ttf"; sourceTree = "<group>"; };
		9F325DD4E2584B8ABDB5F13A /* Poppins-Bold.ttf */ = {isa = PBXFileReference; explicitFileType = undefined; fileEncoding = 9; includeInIndex = 0; lastKnownFileType = unknown; name = "Poppins-Bold.ttf"; path = "../src/assets/fonts/Poppins-Bold.ttf"; sourceTree = "<group>"; };
		9F83AD30103D4478A6B862AC /* Exo2-Black.ttf */ = {isa = PBXFileReference; explicitFileType = undefined; fileEncoding = 9; includeInIndex = 0; lastKnownFileType = unknown; name = "Exo2-Black.ttf"; path = "../src/assets/fonts/Exo2-Black.ttf"; sourceTree = "<group>"; };
		A64004C867674869A4653CD5 /* Poppins-SemiBoldItalic.ttf */ = {isa = PBXFileReference; explicitFileType = undefined; fileEncoding = 9; includeInIndex = 0; lastKnownFileType = unknown; name = "Poppins-SemiBoldItalic.ttf"; path = "../src/assets/fonts/Poppins-SemiBoldItalic.ttf"; sourceTree = "<group>"; };
		A930077A3FA3408E811E1420 /* Poppins-ThinItalic.ttf */ = {isa = PBXFileReference; explicitFileType = undefined; fileEncoding = 9; includeInIndex = 0; lastKnownFileType = unknown; name = "Poppins-ThinItalic.ttf"; path = "../src/assets/fonts/Poppins-ThinItalic.ttf"; sourceTree = "<group>"; };
		A971CCD53ACB456AADA57E0C /* Poppins-ExtraBold.ttf */ = {isa = PBXFileReference; explicitFileType = undefined; fileEncoding = 9; includeInIndex = 0; lastKnownFileType = unknown; name = "Poppins-ExtraBold.ttf"; path = "../src/assets/fonts/Poppins-ExtraBold.ttf"; sourceTree = "<group>"; };
		C6B2BA03DA984FD798CB374D /* Exo2-BoldItalic.ttf */ = {isa = PBXFileReference; explicitFileType = undefined; fileEncoding = 9; includeInIndex = 0; lastKnownFileType = unknown; name = "Exo2-BoldItalic.ttf"; path = "../src/assets/fonts/Exo2-BoldItalic.ttf"; sourceTree = "<group>"; };
		CDA22B56B57A4516A85DB43D /* OFL.txt */ = {isa = PBXFileReference; explicitFileType = undefined; fileEncoding = 9; includeInIndex = 0; lastKnownFileType = unknown; name = OFL.txt; path = ../src/assets/fonts/OFL.txt; sourceTree = "<group>"; };
		CDB69F89E0FD416CB00EFCEE /* Poppins-ExtraBoldItalic.ttf */ = {isa = PBXFileReference; explicitFileType = undefined; fileEncoding = 9; includeInIndex = 0; lastKnownFileType = unknown; name = "Poppins-ExtraBoldItalic.ttf"; path = "../src/assets/fonts/Poppins-ExtraBoldItalic.ttf"; sourceTree = "<group>"; };
		DB2474D59BA04D118086FF54 /* Exo2-ThinItalic.ttf */ = {isa = PBXFileReference; explicitFileType = undefined; fileEncoding = 9; includeInIndex = 0; lastKnownFileType = unknown; name = "Exo2-ThinItalic.ttf"; path = "../src/assets/fonts/Exo2-ThinItalic.ttf"; sourceTree = "<group>"; };
		EA83A089390A462ABC525567 /* Exo2-Regular.ttf */ = {isa = PBXFileReference; explicitFileType = undefined; fileEncoding = 9; includeInIndex = 0; lastKnownFileType = unknown; name = "Exo2-Regular.ttf"; path = "../src/assets/fonts/Exo2-Regular.ttf"; sourceTree = "<group>"; };
		ECDBFB0BEFD6488F9216E1BC /* Poppins-Thin.ttf */ = {isa = PBXFileReference; explicitFileType = undefined; fileEncoding = 9; includeInIndex = 0; lastKnownFileType = unknown; name = "Poppins-Thin.ttf"; path = "../src/assets/fonts/Poppins-Thin.ttf"; sourceTree = "<group>"; };
		ED297162215061F000B7C4FE /* JavaScriptCore.framework */ = {isa = PBXFileReference; lastKnownFileType = wrapper.framework; name = JavaScriptCore.framework; path = System/Library/Frameworks/JavaScriptCore.framework; sourceTree = SDKROOT; };
		F6E55FAEA8CB4E85865F3671 /* Poppins-Italic.ttf */ = {isa = PBXFileReference; explicitFileType = undefined; fileEncoding = 9; includeInIndex = 0; lastKnownFileType = unknown; name = "Poppins-Italic.ttf"; path = "../src/assets/fonts/Poppins-Italic.ttf"; sourceTree = "<group>"; };
/* End PBXFileReference section */

/* Begin PBXFrameworksBuildPhase section */
		13B07F8C1A680F5B00A75B9A /* Frameworks */ = {
			isa = PBXFrameworksBuildPhase;
			buildActionMask = 2147483647;
			files = (
				E47FFAD949C95AB8B0E0F5BC /* Pods_stylist.framework in Frameworks */,
			);
			runOnlyForDeploymentPostprocessing = 0;
		};
/* End PBXFrameworksBuildPhase section */

/* Begin PBXGroup section */
		00E356EF1AD99517003FC87E /* stylistTests */ = {
			isa = PBXGroup;
			children = (
				00E356F21AD99517003FC87E /* stylistTests.m */,
				00E356F01AD99517003FC87E /* Supporting Files */,
			);
			path = stylistTests;
			sourceTree = "<group>";
		};
		00E356F01AD99517003FC87E /* Supporting Files */ = {
			isa = PBXGroup;
			children = (
				00E356F11AD99517003FC87E /* Info.plist */,
			);
			name = "Supporting Files";
			sourceTree = "<group>";
		};
		13B07FAE1A68108700A75B9A /* stylist */ = {
			isa = PBXGroup;
			children = (
				8820648B29E6BAD000A8A160 /* GoogleService-Info.plist */,
				867848F729DEB42900C7579F /* stylist.entitlements */,
				8652392D29D6E06200F1D75D /* client_286833901995-cg0gus8q2l3s7okn56epp0avvmk9r000.apps.googleusercontent.com.plist */,
				86A25FF028C9D3AB00612995 /* Fonts */,
				13B07FAF1A68108700A75B9A /* AppDelegate.h */,
				13B07FB01A68108700A75B9A /* AppDelegate.mm */,
				13B07FB51A68108700A75B9A /* Images.xcassets */,
				13B07FB61A68108700A75B9A /* Info.plist */,
				81AB9BB72411601600AC10FF /* LaunchScreen.storyboard */,
				13B07FB71A68108700A75B9A /* main.m */,
			);
			name = stylist;
			sourceTree = "<group>";
		};
		2D16E6871FA4F8E400B85C8A /* Frameworks */ = {
			isa = PBXGroup;
			children = (
				ED297162215061F000B7C4FE /* JavaScriptCore.framework */,
				22107EF59ECA66CCA6B5BF57 /* Pods_stylist.framework */,
			);
			name = Frameworks;
			sourceTree = "<group>";
		};
		5FB7CDCF695B42A1B84CB853 /* Resources */ = {
			isa = PBXGroup;
			children = (
				250008A5474E46158206035E /* Poppins-Black.ttf */,
				512AAA0FF0E848AEAD890FE7 /* Poppins-BlackItalic.ttf */,
				9F325DD4E2584B8ABDB5F13A /* Poppins-Bold.ttf */,
				44B2C0402D584E2781DFED54 /* Poppins-BoldItalic.ttf */,
				A971CCD53ACB456AADA57E0C /* Poppins-ExtraBold.ttf */,
				CDB69F89E0FD416CB00EFCEE /* Poppins-ExtraBoldItalic.ttf */,
				792D1D595ECD4FBC8B61531E /* Poppins-ExtraLight.ttf */,
				5D2619E4511E4C4D9F54D196 /* Poppins-ExtraLightItalic.ttf */,
				F6E55FAEA8CB4E85865F3671 /* Poppins-Italic.ttf */,
				387E1FEE09814B279DB5D211 /* Poppins-Light.ttf */,
				0BC3825481504527B8F65FB9 /* Poppins-LightItalic.ttf */,
				5AE3AF27528C41ADA30BFC3F /* Poppins-Medium.ttf */,
				1C8504BA6CA84EFE81F80F07 /* Poppins-MediumItalic.ttf */,
				5A5C7C132E10405F968E3101 /* Poppins-Regular.ttf */,
				44D4EC42225D4BF1B3B4B6AD /* Poppins-SemiBold.ttf */,
				A64004C867674869A4653CD5 /* Poppins-SemiBoldItalic.ttf */,
				ECDBFB0BEFD6488F9216E1BC /* Poppins-Thin.ttf */,
				A930077A3FA3408E811E1420 /* Poppins-ThinItalic.ttf */,
				6F37E852AAB64F268701F96D /* Exo2-Bold.ttf */,
				9F83AD30103D4478A6B862AC /* Exo2-Black.ttf */,
				24AE09CF106F417981F2D570 /* Exo2-BlackItalic.ttf */,
				C6B2BA03DA984FD798CB374D /* Exo2-BoldItalic.ttf */,
				929F20F414DC4D6C9D5C0633 /* Exo2-ExtraBold.ttf */,
				5A3C46227A7941139A365041 /* Exo2-ExtraBoldItalic.ttf */,
				3B9EF6620A0C4B639232189D /* Exo2-ExtraLight.ttf */,
				5CC34432AB80409FBEF86274 /* Exo2-ExtraLightItalic.ttf */,
				11507FB31A594A9AB6360734 /* Exo2-Italic.ttf */,
				204AA27DB2C24D358A58AF01 /* Exo2-Light.ttf */,
				3C7420069C184F1DB6BA0D15 /* Exo2-LightItalic.ttf */,
				17F74BFDEEB147C0B846C945 /* Exo2-Medium.ttf */,
				71837C246E5F425394951D1B /* Exo2-MediumItalic.ttf */,
				EA83A089390A462ABC525567 /* Exo2-Regular.ttf */,
				4E5EEF86859947628E198C55 /* Exo2-SemiBold.ttf */,
				859EB9C3358E48CBB3937FB8 /* Exo2-SemiBoldItalic.ttf */,
				9AF84D6F6CE84547A7CFAF79 /* Exo2-Thin.ttf */,
				DB2474D59BA04D118086FF54 /* Exo2-ThinItalic.ttf */,
				CDA22B56B57A4516A85DB43D /* OFL.txt */,
				350EC574360C4EF7891DA205 /* fonts.js */,
			);
			name = Resources;
			sourceTree = "<group>";
		};
		832341AE1AAA6A7D00B99B32 /* Libraries */ = {
			isa = PBXGroup;
			children = (
			);
			name = Libraries;
			sourceTree = "<group>";
		};
		83CBB9F61A601CBA00E9B192 = {
			isa = PBXGroup;
			children = (
				8686400928CB0D32005657A6 /* AirMaps */,
				86863FB728CB0D1E005657A6 /* AirGoogleMaps */,
				13B07FAE1A68108700A75B9A /* stylist */,
				832341AE1AAA6A7D00B99B32 /* Libraries */,
				00E356EF1AD99517003FC87E /* stylistTests */,
				83CBBA001A601CBA00E9B192 /* Products */,
				2D16E6871FA4F8E400B85C8A /* Frameworks */,
				BBD78D7AC51CEA395F1C20DB /* Pods */,
				5FB7CDCF695B42A1B84CB853 /* Resources */,
			);
			indentWidth = 2;
			sourceTree = "<group>";
			tabWidth = 2;
			usesTabs = 0;
		};
		83CBBA001A601CBA00E9B192 /* Products */ = {
			isa = PBXGroup;
			children = (
				13B07F961A680F5B00A75B9A /* stylist.app */,
			);
			name = Products;
			sourceTree = "<group>";
		};
		86863FB728CB0D1E005657A6 /* AirGoogleMaps */ = {
			isa = PBXGroup;
			children = (
				86863FB828CB0D1E005657A6 /* AIRDummyView.m */,
				86863FB928CB0D1E005657A6 /* AIRGoogleMapWMSTile.h */,
				86863FBA28CB0D1E005657A6 /* AIRGoogleMapPolyline.h */,
				86863FBB28CB0D1E005657A6 /* AIRGoogleMapHeatmapManager.h */,
				86863FBC28CB0D1E005657A6 /* AIRGoogleMapUrlTile.m */,
				86863FBD28CB0D1E005657A6 /* AIRGoogleMapMarkerManager.h */,
				86863FBE28CB0D1E005657A6 /* AIRGoogleMapCalloutManager.h */,
				86863FBF28CB0D1E005657A6 /* AIRGoogleMapPolygonManager.m */,
				86863FC028CB0D1E005657A6 /* RCTConvert+GMSMapViewType.h */,
				86863FC128CB0D1E005657A6 /* AIRGoogleMapManager.h */,
				86863FC228CB0D1E005657A6 /* AIRGoogleMapMarker.m */,
				86863FC328CB0D1E005657A6 /* AIRGMSPolyline.h */,
				86863FC428CB0D1E005657A6 /* AIRGoogleMapPolylineManager.h */,
				86863FC528CB0D1E005657A6 /* AIRGoogleMapOverlay.h */,
				86863FC628CB0D1E005657A6 /* AIRGMSPolygon.m */,
				86863FC728CB0D1E005657A6 /* AIRGoogleMapURLTileManager.m */,
				86863FC828CB0D1E005657A6 /* AIRGoogleMapWMSTileManager.m */,
				86863FC928CB0D1E005657A6 /* AIRGoogleMapCircle.m */,
				86863FCA28CB0D1E005657A6 /* AIRGoogleMap.h */,
				86863FCB28CB0D1E005657A6 /* AIRGoogleMapHeatmap.h */,
				86863FCC28CB0D1E005657A6 /* AIRGoogleMapOverlayManager.h */,
				86863FCD28CB0D1E005657A6 /* AIRGoogleMapCallout.h */,
				86863FCE28CB0D1E005657A6 /* AIRGoogleMapCalloutSubviewManager.h */,
				86863FCF28CB0D1E005657A6 /* AIRGoogleMapCalloutSubview.h */,
				86863FD028CB0D1E005657A6 /* AIRGMSMarker.h */,
				86863FD128CB0D1E005657A6 /* AIRGoogleMapCircleManager.m */,
				86863FD228CB0D1E005657A6 /* AIRGoogleMapPolygon.h */,
				86863FD328CB0D1E005657A6 /* AIRGoogleMapCalloutManager.m */,
				86863FD428CB0D1E005657A6 /* AIRGoogleMapMarkerManager.m */,
				86863FD528CB0D1E005657A6 /* AIRGoogleMapUrlTile.h */,
				86863FD628CB0D1E005657A6 /* AIRGoogleMapPolyline.m */,
				86863FD728CB0D1E005657A6 /* AIRGoogleMapHeatmapManager.m */,
				86863FD828CB0D1E005657A6 /* AIRGoogleMapWMSTile.m */,
				86863FD928CB0D1E005657A6 /* AIRDummyView.h */,
				86863FDA28CB0D1E005657A6 /* AIRGMSPolygon.h */,
				86863FDB28CB0D1E005657A6 /* AIRGoogleMapOverlay.m */,
				86863FDC28CB0D1E005657A6 /* AIRGMSPolyline.m */,
				86863FDD28CB0D1E005657A6 /* AIRGoogleMapPolylineManager.m */,
				86863FDE28CB0D1E005657A6 /* AIRGoogleMapManager.m */,
				86863FDF28CB0D1E005657A6 /* AIRGoogleMapMarker.h */,
				86863FE028CB0D1E005657A6 /* AIRGoogleMapPolygonManager.h */,
				86863FE128CB0D1E005657A6 /* RCTConvert+GMSMapViewType.m */,
				86863FE228CB0D1E005657A6 /* AIRGoogleMapCalloutSubviewManager.m */,
				86863FE328CB0D1E005657A6 /* AIRGoogleMapCallout.m */,
				86863FE428CB0D1E005657A6 /* AIRGoogleMapOverlayManager.m */,
				86863FE528CB0D1E005657A6 /* AIRGoogleMapHeatmap.m */,
				86863FE628CB0D1E005657A6 /* AIRGoogleMap.m */,
				86863FE728CB0D1E005657A6 /* AIRGoogleMapCircle.h */,
				86863FE828CB0D1E005657A6 /* AIRGoogleMapWMSTileManager.h */,
				86863FE928CB0D1E005657A6 /* AIRGoogleMapUrlTileManager.h */,
				86863FEA28CB0D1E005657A6 /* AIRGoogleMapCircleManager.h */,
				86863FEB28CB0D1E005657A6 /* AIRGoogleMapPolygon.m */,
				86863FEC28CB0D1E005657A6 /* AIRGMSMarker.m */,
				86863FED28CB0D1E005657A6 /* AIRGoogleMapCalloutSubview.m */,
			);
			name = AirGoogleMaps;
			path = "../node_modules/react-native-maps/ios/AirGoogleMaps";
			sourceTree = "<group>";
		};
		8686400928CB0D32005657A6 /* AirMaps */ = {
			isa = PBXGroup;
			children = (
				8686400A28CB0D32005657A6 /* AIRMapLocalTileManager.h */,
				8686400B28CB0D32005657A6 /* AIRMapCallout.h */,
				8686400C28CB0D32005657A6 /* AIRWeakTimerReference.h */,
				8686400D28CB0D32005657A6 /* AIRMapLocalTileOverlay.h */,
				8686400E28CB0D32005657A6 /* AIRMapCalloutManager.m */,
				8686400F28CB0D32005657A6 /* AIRMap.h */,
				8686401028CB0D32005657A6 /* AIRMapPolygon.h */,
				8686401128CB0D32005657A6 /* AIRMapPolygonManager.h */,
				8686401228CB0D32005657A6 /* AIRMapMarker.h */,
				8686401328CB0D32005657A6 /* AIRMapCircleManager.h */,
				8686401428CB0D32005657A6 /* AIRWeakMapReference.h */,
				8686401528CB0D32005657A6 /* AIRMapUrlTileCachedOverlay.m */,
				8686401628CB0D32005657A6 /* AIRMapPolyline.h */,
				8686401728CB0D32005657A6 /* AIRMapLocalTile.m */,
				8686401828CB0D32005657A6 /* AIRMapWMSTileManager.h */,
				8686401928CB0D32005657A6 /* AIRMapUrlTileManager.h */,
				8686401A28CB0D32005657A6 /* AIRMapMarkerManager.m */,
				8686401B28CB0D32005657A6 /* AIRMapCalloutSubviewManager.h */,
				8686401C28CB0D32005657A6 /* AIRMapUrlTile.m */,
				8686401D28CB0D32005657A6 /* AIRMapPolylineRenderer.m */,
				8686401E28CB0D32005657A6 /* AIRMapOverlayManager.m */,
				8686401F28CB0D32005657A6 /* AIRMapWMSTile.h */,
				8686402028CB0D32005657A6 /* AIRMapCircle.h */,
				8686402128CB0D32005657A6 /* AIRMapCoordinate.m */,
				8686402228CB0D32005657A6 /* RCTConvert+AirMap.h */,
				8686402328CB0D32005657A6 /* AIRMapCalloutSubview.m */,
				8686402428CB0D32005657A6 /* AIRMapOverlay.h */,
				8686402528CB0D32005657A6 /* AIRMapOverlayRenderer.h */,
				8686402628CB0D32005657A6 /* AIRMapManager.h */,
				8686402728CB0D32005657A6 /* AIRMapPolylineManager.m */,
				8686402828CB0D32005657A6 /* AIRMapCalloutManager.h */,
				8686402928CB0D32005657A6 /* Callout */,
				8686402C28CB0D32005657A6 /* AIRMapLocalTileOverlay.m */,
				8686402D28CB0D32005657A6 /* AIRWeakTimerReference.m */,
				8686402E28CB0D32005657A6 /* AIRMapCallout.m */,
				8686402F28CB0D32005657A6 /* AIRMapLocalTileManager.m */,
				8686403028CB0D32005657A6 /* AIRMapPolyline.m */,
				8686403128CB0D32005657A6 /* AIRMapSnapshot.h */,
				8686403228CB0D32005657A6 /* AIRWeakMapReference.m */,
				8686403328CB0D32005657A6 /* AIRMapUrlTileCachedOverlay.h */,
				8686403428CB0D32005657A6 /* AIRMapCircleManager.m */,
				8686403528CB0D32005657A6 /* AIRMapMarker.m */,
				8686403628CB0D32005657A6 /* AIRMapPolygonManager.m */,
				8686403728CB0D32005657A6 /* AIRMapPolygon.m */,
				8686403828CB0D32005657A6 /* AIRMap.m */,
				8686403928CB0D32005657A6 /* AIRMapCoordinate.h */,
				8686403A28CB0D32005657A6 /* AIRMapCircle.m */,
				8686403B28CB0D32005657A6 /* AIRMapOverlayManager.h */,
				8686403C28CB0D32005657A6 /* AIRMapWMSTile.m */,
				8686403D28CB0D32005657A6 /* AIRMapPolylineRenderer.h */,
				8686403E28CB0D32005657A6 /* AIRMapUrlTile.h */,
				8686403F28CB0D32005657A6 /* AIRMapCalloutSubviewManager.m */,
				8686404028CB0D32005657A6 /* AIRMapUrlTileManager.m */,
				8686404128CB0D32005657A6 /* AIRMapMarkerManager.h */,
				8686404228CB0D32005657A6 /* AIRMapWMSTileManager.m */,
				8686404328CB0D32005657A6 /* AIRMapLocalTile.h */,
				8686404428CB0D32005657A6 /* AIRMapPolylineManager.h */,
				8686404528CB0D32005657A6 /* AIRMapManager.m */,
				8686404628CB0D32005657A6 /* AIRMapOverlay.m */,
				8686404728CB0D32005657A6 /* AIRMapOverlayRenderer.m */,
				8686404828CB0D32005657A6 /* AIRMapCalloutSubview.h */,
				8686404928CB0D32005657A6 /* RCTConvert+AirMap.m */,
			);
			name = AirMaps;
			path = "../node_modules/react-native-maps/ios/AirMaps";
			sourceTree = "<group>";
		};
		8686402928CB0D32005657A6 /* Callout */ = {
			isa = PBXGroup;
			children = (
				8686402A28CB0D32005657A6 /* SMCalloutView.m */,
				8686402B28CB0D32005657A6 /* SMCalloutView.h */,
			);
			path = Callout;
			sourceTree = "<group>";
		};
		86A25FF028C9D3AB00612995 /* Fonts */ = {
			isa = PBXGroup;
			children = (
				86A25FF428CA213200612995 /* Entypo.ttf */,
				86A2600128CA217D00612995 /* Octicons.ttf */,
				86A25FFF28CA217D00612995 /* Ionicons.ttf */,
				86A25FF628CA217C00612995 /* FontAwesome.ttf */,
				86A25FF528CA217C00612995 /* EvilIcons.ttf */,
				86A25FF828CA217C00612995 /* Feather.ttf */,
				86A25FFC28CA217D00612995 /* FontAwesome5_Regular.ttf */,
				86A25FF728CA217C00612995 /* FontAwesome5_Brands.ttf */,
				86A25FF928CA217C00612995 /* FontAwesome5_Solid.ttf */,
				86A25FFA28CA217C00612995 /* Fontisto.ttf */,
				86A25FFD28CA217D00612995 /* Foundation.ttf */,
				86A2600028CA217D00612995 /* MaterialCommunityIcons.ttf */,
				86A25FFB28CA217C00612995 /* MaterialIcons.ttf */,
				86A25FFE28CA217D00612995 /* SimpleLineIcons.ttf */,
				86A2600228CA217D00612995 /* Zocial.ttf */,
				86A25FF328CA20ED00612995 /* AntDesign.ttf */,
			);
			name = Fonts;
			sourceTree = "<group>";
		};
		BBD78D7AC51CEA395F1C20DB /* Pods */ = {
			isa = PBXGroup;
			children = (
				070B103658930E6FFF05A7E4 /* Pods-stylist.debug.xcconfig */,
				7A72F81ADE26D750DD3B2C76 /* Pods-stylist.release.xcconfig */,
			);
			path = Pods;
			sourceTree = "<group>";
		};
/* End PBXGroup section */

/* Begin PBXNativeTarget section */
		13B07F861A680F5B00A75B9A /* stylist */ = {
			isa = PBXNativeTarget;
			buildConfigurationList = 13B07F931A680F5B00A75B9A /* Build configuration list for PBXNativeTarget "stylist" */;
			buildPhases = (
				A0498617AE3138FD80591E3C /* [CP] Check Pods Manifest.lock */,
				FD10A7F022414F080027D42C /* Start Packager */,
				13B07F871A680F5B00A75B9A /* Sources */,
				13B07F8C1A680F5B00A75B9A /* Frameworks */,
				13B07F8E1A680F5B00A75B9A /* Resources */,
				00DD1BFF1BD5951E006B06BC /* Bundle React Native code and images */,
				3082E7F3CBF70024AC289224 /* [CP] Embed Pods Frameworks */,
				63DF025772F5C09C6E652942 /* [CP] Copy Pods Resources */,
				73C1F56884E89F7C4A5432C9 /* [CP-User] [RNFB] Core Configuration */,
			);
			buildRules = (
			);
			dependencies = (
			);
			name = stylist;
			productName = stylist;
			productReference = 13B07F961A680F5B00A75B9A /* stylist.app */;
			productType = "com.apple.product-type.application";
		};
/* End PBXNativeTarget section */

/* Begin PBXProject section */
		83CBB9F71A601CBA00E9B192 /* Project object */ = {
			isa = PBXProject;
			attributes = {
				LastUpgradeCheck = 1210;
				TargetAttributes = {
					13B07F861A680F5B00A75B9A = {
						LastSwiftMigration = 1120;
					};
				};
			};
			buildConfigurationList = 83CBB9FA1A601CBA00E9B192 /* Build configuration list for PBXProject "stylist" */;
			compatibilityVersion = "Xcode 12.0";
			developmentRegion = en;
			hasScannedForEncodings = 0;
			knownRegions = (
				en,
				Base,
			);
			mainGroup = 83CBB9F61A601CBA00E9B192;
			productRefGroup = 83CBBA001A601CBA00E9B192 /* Products */;
			projectDirPath = "";
			projectRoot = "";
			targets = (
				13B07F861A680F5B00A75B9A /* stylist */,
			);
		};
/* End PBXProject section */

/* Begin PBXResourcesBuildPhase section */
		13B07F8E1A680F5B00A75B9A /* Resources */ = {
			isa = PBXResourcesBuildPhase;
			buildActionMask = 2147483647;
			files = (
				81AB9BB82411601600AC10FF /* LaunchScreen.storyboard in Resources */,
				13B07FBF1A68108700A75B9A /* Images.xcassets in Resources */,
				8652392E29D6E06200F1D75D /* client_286833901995-cg0gus8q2l3s7okn56epp0avvmk9r000.apps.googleusercontent.com.plist in Resources */,
				F896871A163F4AA8B23F1595 /* Poppins-Black.ttf in Resources */,
				7988BCE377144B508516FB0F /* Poppins-BlackItalic.ttf in Resources */,
				F3D76ABAAF5A40058DC4791B /* Poppins-Bold.ttf in Resources */,
				242A0F5461784211A5C298D6 /* Poppins-BoldItalic.ttf in Resources */,
				30C5584DAFE54CB68C0AAD23 /* Poppins-ExtraBold.ttf in Resources */,
				194EEB651B2949FB826D3554 /* Poppins-ExtraBoldItalic.ttf in Resources */,
				9545185C79A34917B40985EF /* Poppins-ExtraLight.ttf in Resources */,
				B03774C1DE5C444C87124BAF /* Poppins-ExtraLightItalic.ttf in Resources */,
				C4B493AA643643ADA8631300 /* Poppins-Italic.ttf in Resources */,
				5201A01431A344728C896703 /* Poppins-Light.ttf in Resources */,
				1403C1A567314799816FC92A /* Poppins-LightItalic.ttf in Resources */,
				E71CD18BE22D496AA715644D /* Poppins-Medium.ttf in Resources */,
				3D73C2E405F84DA6B8F1005B /* Poppins-MediumItalic.ttf in Resources */,
				AF64E6549B1F40A6A4E56138 /* Poppins-Regular.ttf in Resources */,
				8820648C29E6BAD000A8A160 /* GoogleService-Info.plist in Resources */,
				68BFC761C1F04416A670E17F /* Poppins-SemiBold.ttf in Resources */,
				893272BB1C3E4D7499EECC91 /* Poppins-SemiBoldItalic.ttf in Resources */,
				A339B3F6BBFF4CF5BFABB4B4 /* Poppins-Thin.ttf in Resources */,
				3704BA8EF3FF426B82C7ED06 /* Poppins-ThinItalic.ttf in Resources */,
				130176DFB8E94A7DA0BC1658 /* Exo2-Bold.ttf in Resources */,
				9A72F8B65C7E4B0B9A7E06C9 /* Exo2-Black.ttf in Resources */,
				B3127E44031C48DD92E989DA /* Exo2-BlackItalic.ttf in Resources */,
				D1BADCB88E0F44A6A39556B0 /* Exo2-BoldItalic.ttf in Resources */,
				51BBC0DF81CC493E8F989E2A /* Exo2-ExtraBold.ttf in Resources */,
				B6DB1C1AC4E246BB88C12BEA /* Exo2-ExtraBoldItalic.ttf in Resources */,
				75F4A6D7DFB946BBAE0C54D4 /* Exo2-ExtraLight.ttf in Resources */,
				DAFF8B2DD65344DA8C24C888 /* Exo2-ExtraLightItalic.ttf in Resources */,
				E5E661AEBA76478E80A2DC07 /* Exo2-Italic.ttf in Resources */,
				1AD438F5D88347339D442036 /* Exo2-Light.ttf in Resources */,
				F39DB8BA359046C08496FC87 /* Exo2-LightItalic.ttf in Resources */,
				023DE9254F0A4BA4A045AF77 /* Exo2-Medium.ttf in Resources */,
				D63744007854498BBF441512 /* Exo2-MediumItalic.ttf in Resources */,
				DD089B23EE524DD98CA2CC13 /* Exo2-Regular.ttf in Resources */,
				444A200923504EA8B7C9A09E /* Exo2-SemiBold.ttf in Resources */,
				D884F4CFD2994BEBA226CEE0 /* Exo2-SemiBoldItalic.ttf in Resources */,
				75E2935588334C8F9DF145AD /* Exo2-Thin.ttf in Resources */,
				A7BAE00C69C549CD9296F8B0 /* Exo2-ThinItalic.ttf in Resources */,
				9CF4351043FC4743A4318988 /* OFL.txt in Resources */,
				F61592B93A6E417F8F2382B7 /* fonts.js in Resources */,
			);
			runOnlyForDeploymentPostprocessing = 0;
		};
/* End PBXResourcesBuildPhase section */

/* Begin PBXShellScriptBuildPhase section */
		00DD1BFF1BD5951E006B06BC /* Bundle React Native code and images */ = {
			isa = PBXShellScriptBuildPhase;
			buildActionMask = 2147483647;
			files = (
			);
			inputPaths = (
				"$(SRCROOT)/.xcode.env.local",
				"$(SRCROOT)/.xcode.env",
			);
			name = "Bundle React Native code and images";
			outputPaths = (
			);
			runOnlyForDeploymentPostprocessing = 0;
			shellPath = /bin/sh;
			shellScript = "set -e\n\nWITH_ENVIRONMENT=\"../node_modules/react-native/scripts/xcode/with-environment.sh\"\nREACT_NATIVE_XCODE=\"../node_modules/react-native/scripts/react-native-xcode.sh\"\n\n/bin/sh -c \"$WITH_ENVIRONMENT $REACT_NATIVE_XCODE\"\n";
		};
		3082E7F3CBF70024AC289224 /* [CP] Embed Pods Frameworks */ = {
			isa = PBXShellScriptBuildPhase;
			buildActionMask = 2147483647;
			files = (
			);
			inputFileListPaths = (
				"${PODS_ROOT}/Target Support Files/Pods-stylist/Pods-stylist-frameworks-${CONFIGURATION}-input-files.xcfilelist",
			);
			name = "[CP] Embed Pods Frameworks";
			outputFileListPaths = (
				"${PODS_ROOT}/Target Support Files/Pods-stylist/Pods-stylist-frameworks-${CONFIGURATION}-output-files.xcfilelist",
			);
			runOnlyForDeploymentPostprocessing = 0;
			shellPath = /bin/sh;
			shellScript = "\"${PODS_ROOT}/Target Support Files/Pods-stylist/Pods-stylist-frameworks.sh\"\n";
			showEnvVarsInLog = 0;
		};
		63DF025772F5C09C6E652942 /* [CP] Copy Pods Resources */ = {
			isa = PBXShellScriptBuildPhase;
			buildActionMask = 2147483647;
			files = (
			);
			inputFileListPaths = (
				"${PODS_ROOT}/Target Support Files/Pods-stylist/Pods-stylist-resources-${CONFIGURATION}-input-files.xcfilelist",
			);
			name = "[CP] Copy Pods Resources";
			outputFileListPaths = (
				"${PODS_ROOT}/Target Support Files/Pods-stylist/Pods-stylist-resources-${CONFIGURATION}-output-files.xcfilelist",
			);
			runOnlyForDeploymentPostprocessing = 0;
			shellPath = /bin/sh;
			shellScript = "\"${PODS_ROOT}/Target Support Files/Pods-stylist/Pods-stylist-resources.sh\"\n";
			showEnvVarsInLog = 0;
		};
		73C1F56884E89F7C4A5432C9 /* [CP-User] [RNFB] Core Configuration */ = {
			isa = PBXShellScriptBuildPhase;
			buildActionMask = 2147483647;
			files = (
			);
			inputPaths = (
				"$(BUILT_PRODUCTS_DIR)/$(INFOPLIST_PATH)",
			);
			name = "[CP-User] [RNFB] Core Configuration";
			runOnlyForDeploymentPostprocessing = 0;
			shellPath = /bin/sh;
			shellScript = "#!/usr/bin/env bash\n#\n# Copyright (c) 2016-present Invertase Limited & Contributors\n#\n# Licensed under the Apache License, Version 2.0 (the \"License\");\n# you may not use this library except in compliance with the License.\n# You may obtain a copy of the License at\n#\n#   http://www.apache.org/licenses/LICENSE-2.0\n#\n# Unless required by applicable law or agreed to in writing, software\n# distributed under the License is distributed on an \"AS IS\" BASIS,\n# WITHOUT WARRANTIES OR CONDITIONS OF ANY KIND, either express or implied.\n# See the License for the specific language governing permissions and\n# limitations under the License.\n#\nset -e\n\n_MAX_LOOKUPS=2;\n_SEARCH_RESULT=''\n_RN_ROOT_EXISTS=''\n_CURRENT_LOOKUPS=1\n_JSON_ROOT=\"'react-native'\"\n_JSON_FILE_NAME='firebase.json'\n_JSON_OUTPUT_BASE64='e30=' # { }\n_CURRENT_SEARCH_DIR=${PROJECT_DIR}\n_PLIST_BUDDY=/usr/libexec/PlistBuddy\n_TARGET_PLIST=\"${BUILT_PRODUCTS_DIR}/${INFOPLIST_PATH}\"\n_DSYM_PLIST=\"${DWARF_DSYM_FOLDER_PATH}/${DWARF_DSYM_FILE_NAME}/Contents/Info.plist\"\n\n# plist arrays\n_PLIST_ENTRY_KEYS=()\n_PLIST_ENTRY_TYPES=()\n_PLIST_ENTRY_VALUES=()\n\nfunction setPlistValue {\n  echo \"info:      setting plist entry '$1' of type '$2' in file '$4'\"\n  ${_PLIST_BUDDY} -c \"Add :$1 $2 '$3'\" $4 || echo \"info:      '$1' already exists\"\n}\n\nfunction getFirebaseJsonKeyValue () {\n  if [[ ${_RN_ROOT_EXISTS} ]]; then\n    ruby -Ku -e \"require 'rubygems';require 'json'; output=JSON.parse('$1'); puts output[$_JSON_ROOT]['$2']\"\n  else\n    echo \"\"\n  fi;\n}\n\nfunction jsonBoolToYesNo () {\n  if [[ $1 == \"false\" ]]; then\n    echo \"NO\"\n  elif [[ $1 == \"true\" ]]; then\n    echo \"YES\"\n  else echo \"NO\"\n  fi\n}\n\necho \"info: -> RNFB build script started\"\necho \"info: 1) Locating ${_JSON_FILE_NAME} file:\"\n\nif [[ -z ${_CURRENT_SEARCH_DIR} ]]; then\n  _CURRENT_SEARCH_DIR=$(pwd)\nfi;\n\nwhile true; do\n  _CURRENT_SEARCH_DIR=$(dirname \"$_CURRENT_SEARCH_DIR\")\n  if [[ \"$_CURRENT_SEARCH_DIR\" == \"/\" ]] || [[ ${_CURRENT_LOOKUPS} -gt ${_MAX_LOOKUPS} ]]; then break; fi;\n  echo \"info:      ($_CURRENT_LOOKUPS of $_MAX_LOOKUPS) Searching in '$_CURRENT_SEARCH_DIR' for a ${_JSON_FILE_NAME} file.\"\n  _SEARCH_RESULT=$(find \"$_CURRENT_SEARCH_DIR\" -maxdepth 2 -name ${_JSON_FILE_NAME} -print | /usr/bin/head -n 1)\n  if [[ ${_SEARCH_RESULT} ]]; then\n    echo \"info:      ${_JSON_FILE_NAME} found at $_SEARCH_RESULT\"\n    break;\n  fi;\n  _CURRENT_LOOKUPS=$((_CURRENT_LOOKUPS+1))\ndone\n\nif [[ ${_SEARCH_RESULT} ]]; then\n  _JSON_OUTPUT_RAW=$(cat \"${_SEARCH_RESULT}\")\n  _RN_ROOT_EXISTS=$(ruby -Ku -e \"require 'rubygems';require 'json'; output=JSON.parse('$_JSON_OUTPUT_RAW'); puts output[$_JSON_ROOT]\" || echo '')\n\n  if [[ ${_RN_ROOT_EXISTS} ]]; then\n    if ! python3 --version >/dev/null 2>&1; then echo \"python3 not found, firebase.json file processing error.\" && exit 1; fi\n    _JSON_OUTPUT_BASE64=$(python3 -c 'import json,sys,base64;print(base64.b64encode(bytes(json.dumps(json.loads(open('\"'${_SEARCH_RESULT}'\"', '\"'rb'\"').read())['${_JSON_ROOT}']), '\"'utf-8'\"')).decode())' || echo \"e30=\")\n  fi\n\n  _PLIST_ENTRY_KEYS+=(\"firebase_json_raw\")\n  _PLIST_ENTRY_TYPES+=(\"string\")\n  _PLIST_ENTRY_VALUES+=(\"$_JSON_OUTPUT_BASE64\")\n\n  # config.app_data_collection_default_enabled\n  _APP_DATA_COLLECTION_ENABLED=$(getFirebaseJsonKeyValue \"$_JSON_OUTPUT_RAW\" \"app_data_collection_default_enabled\")\n  if [[ $_APP_DATA_COLLECTION_ENABLED ]]; then\n    _PLIST_ENTRY_KEYS+=(\"FirebaseDataCollectionDefaultEnabled\")\n    _PLIST_ENTRY_TYPES+=(\"bool\")\n    _PLIST_ENTRY_VALUES+=(\"$(jsonBoolToYesNo \"$_APP_DATA_COLLECTION_ENABLED\")\")\n  fi\n\n  # config.analytics_auto_collection_enabled\n  _ANALYTICS_AUTO_COLLECTION=$(getFirebaseJsonKeyValue \"$_JSON_OUTPUT_RAW\" \"analytics_auto_collection_enabled\")\n  if [[ $_ANALYTICS_AUTO_COLLECTION ]]; then\n    _PLIST_ENTRY_KEYS+=(\"FIREBASE_ANALYTICS_COLLECTION_ENABLED\")\n    _PLIST_ENTRY_TYPES+=(\"bool\")\n    _PLIST_ENTRY_VALUES+=(\"$(jsonBoolToYesNo \"$_ANALYTICS_AUTO_COLLECTION\")\")\n  fi\n\n  # config.analytics_collection_deactivated\n  _ANALYTICS_DEACTIVATED=$(getFirebaseJsonKeyValue \"$_JSON_OUTPUT_RAW\" \"analytics_collection_deactivated\")\n  if [[ $_ANALYTICS_DEACTIVATED ]]; then\n    _PLIST_ENTRY_KEYS+=(\"FIREBASE_ANALYTICS_COLLECTION_DEACTIVATED\")\n    _PLIST_ENTRY_TYPES+=(\"bool\")\n    _PLIST_ENTRY_VALUES+=(\"$(jsonBoolToYesNo \"$_ANALYTICS_DEACTIVATED\")\")\n  fi\n\n  # config.analytics_idfv_collection_enabled\n  _ANALYTICS_IDFV_COLLECTION=$(getFirebaseJsonKeyValue \"$_JSON_OUTPUT_RAW\" \"analytics_idfv_collection_enabled\")\n  if [[ $_ANALYTICS_IDFV_COLLECTION ]]; then\n    _PLIST_ENTRY_KEYS+=(\"GOOGLE_ANALYTICS_IDFV_COLLECTION_ENABLED\")\n    _PLIST_ENTRY_TYPES+=(\"bool\")\n    _PLIST_ENTRY_VALUES+=(\"$(jsonBoolToYesNo \"$_ANALYTICS_IDFV_COLLECTION\")\")\n  fi\n\n  # config.analytics_default_allow_ad_personalization_signals\n  _ANALYTICS_PERSONALIZATION=$(getFirebaseJsonKeyValue \"$_JSON_OUTPUT_RAW\" \"analytics_default_allow_ad_personalization_signals\")\n  if [[ $_ANALYTICS_PERSONALIZATION ]]; then\n    _PLIST_ENTRY_KEYS+=(\"GOOGLE_ANALYTICS_DEFAULT_ALLOW_AD_PERSONALIZATION_SIGNALS\")\n    _PLIST_ENTRY_TYPES+=(\"bool\")\n    _PLIST_ENTRY_VALUES+=(\"$(jsonBoolToYesNo \"$_ANALYTICS_PERSONALIZATION\")\")\n  fi\n\n  # config.analytics_registration_with_ad_network_enabled\n  _ANALYTICS_REGISTRATION_WITH_AD_NETWORK=$(getFirebaseJsonKeyValue \"$_JSON_OUTPUT_RAW\" \"google_analytics_registration_with_ad_network_enabled\")\n  if [[ $_ANALYTICS_REGISTRATION_WITH_AD_NETWORK ]]; then\n    _PLIST_ENTRY_KEYS+=(\"GOOGLE_ANALYTICS_REGISTRATION_WITH_AD_NETWORK_ENABLED\")\n    _PLIST_ENTRY_TYPES+=(\"bool\")\n    _PLIST_ENTRY_VALUES+=(\"$(jsonBoolToYesNo \"$_ANALYTICS_REGISTRATION_WITH_AD_NETWORK\")\")\n  fi\n\n  # config.google_analytics_automatic_screen_reporting_enabled\n  _ANALYTICS_AUTO_SCREEN_REPORTING=$(getFirebaseJsonKeyValue \"$_JSON_OUTPUT_RAW\" \"google_analytics_automatic_screen_reporting_enabled\")\n  if [[ $_ANALYTICS_AUTO_SCREEN_REPORTING ]]; then\n    _PLIST_ENTRY_KEYS+=(\"FirebaseAutomaticScreenReportingEnabled\")\n    _PLIST_ENTRY_TYPES+=(\"bool\")\n    _PLIST_ENTRY_VALUES+=(\"$(jsonBoolToYesNo \"$_ANALYTICS_AUTO_SCREEN_REPORTING\")\")\n  fi\n\n  # config.perf_auto_collection_enabled\n  _PERF_AUTO_COLLECTION=$(getFirebaseJsonKeyValue \"$_JSON_OUTPUT_RAW\" \"perf_auto_collection_enabled\")\n  if [[ $_PERF_AUTO_COLLECTION ]]; then\n    _PLIST_ENTRY_KEYS+=(\"firebase_performance_collection_enabled\")\n    _PLIST_ENTRY_TYPES+=(\"bool\")\n    _PLIST_ENTRY_VALUES+=(\"$(jsonBoolToYesNo \"$_PERF_AUTO_COLLECTION\")\")\n  fi\n\n  # config.perf_collection_deactivated\n  _PERF_DEACTIVATED=$(getFirebaseJsonKeyValue \"$_JSON_OUTPUT_RAW\" \"perf_collection_deactivated\")\n  if [[ $_PERF_DEACTIVATED ]]; then\n    _PLIST_ENTRY_KEYS+=(\"firebase_performance_collection_deactivated\")\n    _PLIST_ENTRY_TYPES+=(\"bool\")\n    _PLIST_ENTRY_VALUES+=(\"$(jsonBoolToYesNo \"$_PERF_DEACTIVATED\")\")\n  fi\n\n  # config.messaging_auto_init_enabled\n  _MESSAGING_AUTO_INIT=$(getFirebaseJsonKeyValue \"$_JSON_OUTPUT_RAW\" \"messaging_auto_init_enabled\")\n  if [[ $_MESSAGING_AUTO_INIT ]]; then\n    _PLIST_ENTRY_KEYS+=(\"FirebaseMessagingAutoInitEnabled\")\n    _PLIST_ENTRY_TYPES+=(\"bool\")\n    _PLIST_ENTRY_VALUES+=(\"$(jsonBoolToYesNo \"$_MESSAGING_AUTO_INIT\")\")\n  fi\n\n  # config.in_app_messaging_auto_colllection_enabled\n  _FIAM_AUTO_INIT=$(getFirebaseJsonKeyValue \"$_JSON_OUTPUT_RAW\" \"in_app_messaging_auto_collection_enabled\")\n  if [[ $_FIAM_AUTO_INIT ]]; then\n    _PLIST_ENTRY_KEYS+=(\"FirebaseInAppMessagingAutomaticDataCollectionEnabled\")\n    _PLIST_ENTRY_TYPES+=(\"bool\")\n    _PLIST_ENTRY_VALUES+=(\"$(jsonBoolToYesNo \"$_FIAM_AUTO_INIT\")\")\n  fi\n\n  # config.app_check_token_auto_refresh\n  _APP_CHECK_TOKEN_AUTO_REFRESH=$(getFirebaseJsonKeyValue \"$_JSON_OUTPUT_RAW\" \"app_check_token_auto_refresh\")\n  if [[ $_APP_CHECK_TOKEN_AUTO_REFRESH ]]; then\n    _PLIST_ENTRY_KEYS+=(\"FirebaseAppCheckTokenAutoRefreshEnabled\")\n    _PLIST_ENTRY_TYPES+=(\"bool\")\n    _PLIST_ENTRY_VALUES+=(\"$(jsonBoolToYesNo \"$_APP_CHECK_TOKEN_AUTO_REFRESH\")\")\n  fi\n\n  # config.crashlytics_disable_auto_disabler - undocumented for now - mainly for debugging, document if becomes useful\n  _CRASHLYTICS_AUTO_DISABLE_ENABLED=$(getFirebaseJsonKeyValue \"$_JSON_OUTPUT_RAW\" \"crashlytics_disable_auto_disabler\")\n  if [[ $_CRASHLYTICS_AUTO_DISABLE_ENABLED == \"true\" ]]; then\n    echo \"Disabled Crashlytics auto disabler.\" # do nothing\n  else\n    _PLIST_ENTRY_KEYS+=(\"FirebaseCrashlyticsCollectionEnabled\")\n    _PLIST_ENTRY_TYPES+=(\"bool\")\n    _PLIST_ENTRY_VALUES+=(\"NO\")\n  fi\nelse\n  _PLIST_ENTRY_KEYS+=(\"firebase_json_raw\")\n  _PLIST_ENTRY_TYPES+=(\"string\")\n  _PLIST_ENTRY_VALUES+=(\"$_JSON_OUTPUT_BASE64\")\n  echo \"warning:   A firebase.json file was not found, whilst this file is optional it is recommended to include it to configure firebase services in React Native Firebase.\"\nfi;\n\necho \"info: 2) Injecting Info.plist entries: \"\n\n# Log out the keys we're adding\nfor i in \"${!_PLIST_ENTRY_KEYS[@]}\"; do\n  echo \"    ->  $i) ${_PLIST_ENTRY_KEYS[$i]}\" \"${_PLIST_ENTRY_TYPES[$i]}\" \"${_PLIST_ENTRY_VALUES[$i]}\"\ndone\n\nfor plist in \"${_TARGET_PLIST}\" \"${_DSYM_PLIST}\" ; do\n  if [[ -f \"${plist}\" ]]; then\n\n    # paths with spaces break the call to setPlistValue. temporarily modify\n    # the shell internal field separator variable (IFS), which normally\n    # includes spaces, to consist only of line breaks\n    oldifs=$IFS\n    IFS=\"\n\"\n\n    for i in \"${!_PLIST_ENTRY_KEYS[@]}\"; do\n      setPlistValue \"${_PLIST_ENTRY_KEYS[$i]}\" \"${_PLIST_ENTRY_TYPES[$i]}\" \"${_PLIST_ENTRY_VALUES[$i]}\" \"${plist}\"\n    done\n\n    # restore the original internal field separator value\n    IFS=$oldifs\n  else\n    echo \"warning:   A Info.plist build output file was not found (${plist})\"\n  fi\ndone\n\necho \"info: <- RNFB build script finished\"\n";
		};
		A0498617AE3138FD80591E3C /* [CP] Check Pods Manifest.lock */ = {
			isa = PBXShellScriptBuildPhase;
			buildActionMask = 2147483647;
			files = (
			);
			inputFileListPaths = (
			);
			inputPaths = (
				"${PODS_PODFILE_DIR_PATH}/Podfile.lock",
				"${PODS_ROOT}/Manifest.lock",
			);
			name = "[CP] Check Pods Manifest.lock";
			outputFileListPaths = (
			);
			outputPaths = (
				"$(DERIVED_FILE_DIR)/Pods-stylist-checkManifestLockResult.txt",
			);
			runOnlyForDeploymentPostprocessing = 0;
			shellPath = /bin/sh;
			shellScript = "diff \"${PODS_PODFILE_DIR_PATH}/Podfile.lock\" \"${PODS_ROOT}/Manifest.lock\" > /dev/null\nif [ $? != 0 ] ; then\n    # print error to STDERR\n    echo \"error: The sandbox is not in sync with the Podfile.lock. Run 'pod install' or update your CocoaPods installation.\" >&2\n    exit 1\nfi\n# This output is used by Xcode 'outputs' to avoid re-running this script phase.\necho \"SUCCESS\" > \"${SCRIPT_OUTPUT_FILE_0}\"\n";
			showEnvVarsInLog = 0;
		};
		FD10A7F022414F080027D42C /* Start Packager */ = {
			isa = PBXShellScriptBuildPhase;
			buildActionMask = 2147483647;
			files = (
			);
			inputFileListPaths = (
			);
			inputPaths = (
			);
			name = "Start Packager";
			outputFileListPaths = (
			);
			outputPaths = (
			);
			runOnlyForDeploymentPostprocessing = 0;
			shellPath = /bin/sh;
			shellScript = "export RCT_METRO_PORT=\"${RCT_METRO_PORT:=9988}\"\necho \"export RCT_METRO_PORT=${RCT_METRO_PORT}\" > \"${SRCROOT}/../node_modules/react-native/scripts/.packager.env\"\nif [ -z \"${RCT_NO_LAUNCH_PACKAGER+xxx}\" ] ; then\n  if nc -w 5 -z localhost ${RCT_METRO_PORT} ; then\n    if ! curl -s \"http://localhost:${RCT_METRO_PORT}/status\" | grep -q \"packager-status:running\" ; then\n      echo \"Port ${RCT_METRO_PORT} already in use, packager is either not running or not running correctly\"\n      exit 2\n    fi\n  else\n    open \"$SRCROOT/../node_modules/react-native/scripts/launchPackager.command\" || echo \"Can't start packager automatically\"\n  fi\nfi\n";
			showEnvVarsInLog = 0;
		};
/* End PBXShellScriptBuildPhase section */

/* Begin PBXSourcesBuildPhase section */
		13B07F871A680F5B00A75B9A /* Sources */ = {
			isa = PBXSourcesBuildPhase;
			buildActionMask = 2147483647;
			files = (
				13B07FBC1A68108700A75B9A /* AppDelegate.mm in Sources */,
				13B07FC11A68108700A75B9A /* main.m in Sources */,
			);
			runOnlyForDeploymentPostprocessing = 0;
		};
/* End PBXSourcesBuildPhase section */

/* Begin XCBuildConfiguration section */
		13B07F941A680F5B00A75B9A /* Debug */ = {
			isa = XCBuildConfiguration;
			baseConfigurationReference = 070B103658930E6FFF05A7E4 /* Pods-stylist.debug.xcconfig */;
			buildSettings = {
				ASSETCATALOG_COMPILER_APPICON_NAME = AppIcon;
				CLANG_ENABLE_MODULES = YES;
				CODE_SIGN_ENTITLEMENTS = stylist/stylist.entitlements;
				CODE_SIGN_IDENTITY = "Apple Development";
				CODE_SIGN_STYLE = Automatic;
				CURRENT_PROJECT_VERSION = 12;
				DEVELOPMENT_TEAM = TKX5RPY5S7;
				ENABLE_BITCODE = NO;
				"EXCLUDED_ARCHS[sdk=iphonesimulator*]" = "i386 $(inherited)";
				"GCC_PREPROCESSOR_DEFINITIONS_NOT_USED_IN_PRECOMPS[arch=*]" = "HAVE_GOOGLE_MAPS=1";
				INFOPLIST_FILE = stylist/Info.plist;
				LD_RUNPATH_SEARCH_PATHS = (
					"$(inherited)",
					"@executable_path/Frameworks",
				);
				MARKETING_VERSION = 1.1;
				OTHER_LDFLAGS = (
					"$(inherited)",
					"-ObjC",
					"-lc++",
				);
				PRODUCT_BUNDLE_IDENTIFIER = com.loosk.stylist56;
				PRODUCT_NAME = stylist;
				PROVISIONING_PROFILE_SPECIFIER = "";
				SWIFT_OPTIMIZATION_LEVEL = "-Onone";
				SWIFT_VERSION = 5.0;
				VERSIONING_SYSTEM = "apple-generic";
			};
			name = Debug;
		};
		13B07F951A680F5B00A75B9A /* Release */ = {
			isa = XCBuildConfiguration;
			baseConfigurationReference = 7A72F81ADE26D750DD3B2C76 /* Pods-stylist.release.xcconfig */;
			buildSettings = {
				ASSETCATALOG_COMPILER_APPICON_NAME = AppIcon;
				CLANG_ENABLE_MODULES = YES;
				CODE_SIGN_ENTITLEMENTS = stylist/stylist.entitlements;
				CURRENT_PROJECT_VERSION = 12;
				DEVELOPMENT_TEAM = TKX5RPY5S7;
				ENABLE_BITCODE = NO;
				"EXCLUDED_ARCHS[sdk=iphonesimulator*]" = "i386 $(inherited)";
				"GCC_PREPROCESSOR_DEFINITIONS_NOT_USED_IN_PRECOMPS[arch=*]" = "HAVE_GOOGLE_MAPS=1";
				INFOPLIST_FILE = stylist/Info.plist;
				LD_RUNPATH_SEARCH_PATHS = (
					"$(inherited)",
					"@executable_path/Frameworks",
				);
				MARKETING_VERSION = 1.1;
				ONLY_ACTIVE_ARCH = YES;
				OTHER_LDFLAGS = (
					"$(inherited)",
					"-ObjC",
					"-lc++",
				);
				PRODUCT_BUNDLE_IDENTIFIER = com.loosk.stylist56;
				PRODUCT_NAME = stylist;
				SWIFT_VERSION = 5.0;
				VERSIONING_SYSTEM = "apple-generic";
			};
			name = Release;
		};
		83CBBA201A601CBA00E9B192 /* Debug */ = {
			isa = XCBuildConfiguration;
			buildSettings = {
				ALWAYS_SEARCH_USER_PATHS = NO;
				CLANG_ANALYZER_LOCALIZABILITY_NONLOCALIZED = YES;
				CLANG_CXX_LANGUAGE_STANDARD = "c++17";
				CLANG_CXX_LIBRARY = "libc++";
				CLANG_ENABLE_MODULES = YES;
				CLANG_ENABLE_OBJC_ARC = YES;
				CLANG_WARN_BLOCK_CAPTURE_AUTORELEASING = YES;
				CLANG_WARN_BOOL_CONVERSION = YES;
				CLANG_WARN_COMMA = YES;
				CLANG_WARN_CONSTANT_CONVERSION = YES;
				CLANG_WARN_DEPRECATED_OBJC_IMPLEMENTATIONS = YES;
				CLANG_WARN_DIRECT_OBJC_ISA_USAGE = YES_ERROR;
				CLANG_WARN_EMPTY_BODY = YES;
				CLANG_WARN_ENUM_CONVERSION = YES;
				CLANG_WARN_INFINITE_RECURSION = YES;
				CLANG_WARN_INT_CONVERSION = YES;
				CLANG_WARN_NON_LITERAL_NULL_CONVERSION = YES;
				CLANG_WARN_OBJC_IMPLICIT_RETAIN_SELF = YES;
				CLANG_WARN_OBJC_LITERAL_CONVERSION = YES;
				CLANG_WARN_OBJC_ROOT_CLASS = YES_ERROR;
				CLANG_WARN_QUOTED_INCLUDE_IN_FRAMEWORK_HEADER = YES;
				CLANG_WARN_RANGE_LOOP_ANALYSIS = YES;
				CLANG_WARN_STRICT_PROTOTYPES = YES;
				CLANG_WARN_SUSPICIOUS_MOVE = YES;
				CLANG_WARN_UNREACHABLE_CODE = YES;
				CLANG_WARN__DUPLICATE_METHOD_MATCH = YES;
				"CODE_SIGN_IDENTITY[sdk=iphoneos*]" = "iPhone Developer";
				COPY_PHASE_STRIP = NO;
				ENABLE_STRICT_OBJC_MSGSEND = YES;
				ENABLE_TESTABILITY = YES;
				"EXCLUDED_ARCHS[sdk=iphonesimulator*]" = i386;
				GCC_C_LANGUAGE_STANDARD = gnu99;
				GCC_DYNAMIC_NO_PIC = NO;
				GCC_NO_COMMON_BLOCKS = YES;
				GCC_OPTIMIZATION_LEVEL = 0;
				GCC_PREPROCESSOR_DEFINITIONS = (
					"DEBUG=1",
					"$(inherited)",
				);
				GCC_SYMBOLS_PRIVATE_EXTERN = NO;
				GCC_WARN_64_TO_32_BIT_CONVERSION = YES;
				GCC_WARN_ABOUT_RETURN_TYPE = YES_ERROR;
				GCC_WARN_UNDECLARED_SELECTOR = YES;
				GCC_WARN_UNINITIALIZED_AUTOS = YES_AGGRESSIVE;
				GCC_WARN_UNUSED_FUNCTION = YES;
				GCC_WARN_UNUSED_VARIABLE = YES;
				IPHONEOS_DEPLOYMENT_TARGET = 12.4;
				LD_RUNPATH_SEARCH_PATHS = (
					/usr/lib/swift,
					"$(inherited)",
				);
				LIBRARY_SEARCH_PATHS = (
					"\"$(SDKROOT)/usr/lib/swift\"",
					"\"$(TOOLCHAIN_DIR)/usr/lib/swift/$(PLATFORM_NAME)\"",
					"\"$(inherited)\"",
				);
				MTL_ENABLE_DEBUG_INFO = YES;
				ONLY_ACTIVE_ARCH = YES;
				OTHER_CPLUSPLUSFLAGS = (
					"$(OTHER_CFLAGS)",
					"-DFOLLY_NO_CONFIG",
					"-DFOLLY_MOBILE=1",
					"-DFOLLY_USE_LIBCPP=1",
				);
				REACT_NATIVE_PATH = "${PODS_ROOT}/../../node_modules/react-native";
				SDKROOT = iphoneos;
			};
			name = Debug;
		};
		83CBBA211A601CBA00E9B192 /* Release */ = {
			isa = XCBuildConfiguration;
			buildSettings = {
				ALWAYS_SEARCH_USER_PATHS = NO;
				CLANG_ANALYZER_LOCALIZABILITY_NONLOCALIZED = YES;
				CLANG_CXX_LANGUAGE_STANDARD = "c++17";
				CLANG_CXX_LIBRARY = "libc++";
				CLANG_ENABLE_MODULES = YES;
				CLANG_ENABLE_OBJC_ARC = YES;
				CLANG_WARN_BLOCK_CAPTURE_AUTORELEASING = YES;
				CLANG_WARN_BOOL_CONVERSION = YES;
				CLANG_WARN_COMMA = YES;
				CLANG_WARN_CONSTANT_CONVERSION = YES;
				CLANG_WARN_DEPRECATED_OBJC_IMPLEMENTATIONS = YES;
				CLANG_WARN_DIRECT_OBJC_ISA_USAGE = YES_ERROR;
				CLANG_WARN_EMPTY_BODY = YES;
				CLANG_WARN_ENUM_CONVERSION = YES;
				CLANG_WARN_INFINITE_RECURSION = YES;
				CLANG_WARN_INT_CONVERSION = YES;
				CLANG_WARN_NON_LITERAL_NULL_CONVERSION = YES;
				CLANG_WARN_OBJC_IMPLICIT_RETAIN_SELF = YES;
				CLANG_WARN_OBJC_LITERAL_CONVERSION = YES;
				CLANG_WARN_OBJC_ROOT_CLASS = YES_ERROR;
				CLANG_WARN_QUOTED_INCLUDE_IN_FRAMEWORK_HEADER = YES;
				CLANG_WARN_RANGE_LOOP_ANALYSIS = YES;
				CLANG_WARN_STRICT_PROTOTYPES = YES;
				CLANG_WARN_SUSPICIOUS_MOVE = YES;
				CLANG_WARN_UNREACHABLE_CODE = YES;
				CLANG_WARN__DUPLICATE_METHOD_MATCH = YES;
				"CODE_SIGN_IDENTITY[sdk=iphoneos*]" = "iPhone Developer";
				COPY_PHASE_STRIP = YES;
				ENABLE_NS_ASSERTIONS = NO;
				ENABLE_STRICT_OBJC_MSGSEND = YES;
				"EXCLUDED_ARCHS[sdk=iphonesimulator*]" = i386;
				GCC_C_LANGUAGE_STANDARD = gnu99;
				GCC_NO_COMMON_BLOCKS = YES;
				GCC_WARN_64_TO_32_BIT_CONVERSION = YES;
				GCC_WARN_ABOUT_RETURN_TYPE = YES_ERROR;
				GCC_WARN_UNDECLARED_SELECTOR = YES;
				GCC_WARN_UNINITIALIZED_AUTOS = YES_AGGRESSIVE;
				GCC_WARN_UNUSED_FUNCTION = YES;
				GCC_WARN_UNUSED_VARIABLE = YES;
				IPHONEOS_DEPLOYMENT_TARGET = 12.4;
				LD_RUNPATH_SEARCH_PATHS = (
					/usr/lib/swift,
					"$(inherited)",
				);
				LIBRARY_SEARCH_PATHS = (
					"\"$(SDKROOT)/usr/lib/swift\"",
					"\"$(TOOLCHAIN_DIR)/usr/lib/swift/$(PLATFORM_NAME)\"",
					"\"$(inherited)\"",
				);
				MTL_ENABLE_DEBUG_INFO = NO;
				OTHER_CPLUSPLUSFLAGS = (
					"$(OTHER_CFLAGS)",
					"-DFOLLY_NO_CONFIG",
					"-DFOLLY_MOBILE=1",
					"-DFOLLY_USE_LIBCPP=1",
				);
				REACT_NATIVE_PATH = "${PODS_ROOT}/../../node_modules/react-native";
				SDKROOT = iphoneos;
				VALIDATE_PRODUCT = YES;
			};
			name = Release;
		};
/* End XCBuildConfiguration section */

/* Begin XCConfigurationList section */
		13B07F931A680F5B00A75B9A /* Build configuration list for PBXNativeTarget "stylist" */ = {
			isa = XCConfigurationList;
			buildConfigurations = (
				13B07F941A680F5B00A75B9A /* Debug */,
				13B07F951A680F5B00A75B9A /* Release */,
			);
			defaultConfigurationIsVisible = 0;
			defaultConfigurationName = Release;
		};
		83CBB9FA1A601CBA00E9B192 /* Build configuration list for PBXProject "stylist" */ = {
			isa = XCConfigurationList;
			buildConfigurations = (
				83CBBA201A601CBA00E9B192 /* Debug */,
				83CBBA211A601CBA00E9B192 /* Release */,
			);
			defaultConfigurationIsVisible = 0;
			defaultConfigurationName = Release;
		};
/* End XCConfigurationList section */
	};
	rootObject = 83CBB9F71A601CBA00E9B192 /* Project object */;
}
